// !$*UTF8*$!
{
	archiveVersion = 1;
	classes = {
	};
	objectVersion = 50;
	objects = {

/* Begin PBXBuildFile section */
		CA1675D0220B0440006672C4 /* SceneUploaderVk.cpp in Sources */ = {isa = PBXBuildFile; fileRef = CABD2442217B43A60056A686 /* SceneUploaderVk.cpp */; };
		CA1675D1220B0441006672C4 /* SceneUploaderVk.cpp in Sources */ = {isa = PBXBuildFile; fileRef = CABD2442217B43A60056A686 /* SceneUploaderVk.cpp */; };
		CA1675D2220B0452006672C4 /* dynamic_integer_points_kd_tree_decoder.cc in Sources */ = {isa = PBXBuildFile; fileRef = CA4D14C4220087D1004A0A2B /* dynamic_integer_points_kd_tree_decoder.cc */; };
		CA1675D3220B0452006672C4 /* float_points_tree_decoder.cc in Sources */ = {isa = PBXBuildFile; fileRef = CA4D14C8220087D2004A0A2B /* float_points_tree_decoder.cc */; };
		CA1675D4220B0452006672C4 /* integer_points_kd_tree_decoder.cc in Sources */ = {isa = PBXBuildFile; fileRef = CA4D14C6220087D2004A0A2B /* integer_points_kd_tree_decoder.cc */; };
		CA1675D5220B0452006672C4 /* mesh_edgebreaker_decoder_impl.cc in Sources */ = {isa = PBXBuildFile; fileRef = CA4D14CA220087D2004A0A2B /* mesh_edgebreaker_decoder_impl.cc */; };
		CA1675D6220B0452006672C4 /* shannon_entropy.cc in Sources */ = {isa = PBXBuildFile; fileRef = CA4D14C7220087D2004A0A2B /* shannon_entropy.cc */; };
		CA1675D7220B0452006672C4 /* symbol_decoding.cc in Sources */ = {isa = PBXBuildFile; fileRef = CA4D14C9220087D2004A0A2B /* symbol_decoding.cc */; };
		CA1675D8220B0452006672C4 /* adaptive_rans_bit_decoder.cc in Sources */ = {isa = PBXBuildFile; fileRef = CA4D1453220085C1004A0A2B /* adaptive_rans_bit_decoder.cc */; };
		CA1675D9220B0452006672C4 /* attributes_decoder.cc in Sources */ = {isa = PBXBuildFile; fileRef = CA4D145A220085C1004A0A2B /* attributes_decoder.cc */; };
		CA1675DA220B0452006672C4 /* bit_utils.cc in Sources */ = {isa = PBXBuildFile; fileRef = CA4D145F220085C2004A0A2B /* bit_utils.cc */; };
		CA1675DB220B0452006672C4 /* bounding_box.cc in Sources */ = {isa = PBXBuildFile; fileRef = CA4D1464220085C2004A0A2B /* bounding_box.cc */; };
		CA1675DC220B0452006672C4 /* corner_table.cc in Sources */ = {isa = PBXBuildFile; fileRef = CA4D146D220085C3004A0A2B /* corner_table.cc */; };
		CA1675DD220B0452006672C4 /* cycle_timer.cc in Sources */ = {isa = PBXBuildFile; fileRef = CA4D1468220085C3004A0A2B /* cycle_timer.cc */; };
		CA1675DE220B0452006672C4 /* data_buffer.cc in Sources */ = {isa = PBXBuildFile; fileRef = CA4D1467220085C2004A0A2B /* data_buffer.cc */; };
		CA1675DF220B0452006672C4 /* decode.cc in Sources */ = {isa = PBXBuildFile; fileRef = CA4D1451220085C1004A0A2B /* decode.cc */; };
		CA1675E0220B0452006672C4 /* decoder_buffer.cc in Sources */ = {isa = PBXBuildFile; fileRef = CA4D146A220085C3004A0A2B /* decoder_buffer.cc */; };
		CA1675E1220B0452006672C4 /* direct_bit_decoder.cc in Sources */ = {isa = PBXBuildFile; fileRef = CA4D1452220085C1004A0A2B /* direct_bit_decoder.cc */; };
		CA1675E2220B0452006672C4 /* divide.cc in Sources */ = {isa = PBXBuildFile; fileRef = CA4D1463220085C2004A0A2B /* divide.cc */; };
		CA1675E3220B0452006672C4 /* draco_types.cc in Sources */ = {isa = PBXBuildFile; fileRef = CA4D1460220085C2004A0A2B /* draco_types.cc */; };
		CA1675E4220B0452006672C4 /* geometry_metadata.cc in Sources */ = {isa = PBXBuildFile; fileRef = CA4D145B220085C1004A0A2B /* geometry_metadata.cc */; };
		CA1675E5220B0452006672C4 /* hash_utils.cc in Sources */ = {isa = PBXBuildFile; fileRef = CA4D1470220085C3004A0A2B /* hash_utils.cc */; };
		CA1675E6220B0452006672C4 /* kd_tree_attributes_decoder.cc in Sources */ = {isa = PBXBuildFile; fileRef = CA4D146E220085C3004A0A2B /* kd_tree_attributes_decoder.cc */; };
		CA1675E7220B0452006672C4 /* keyframe_animation_decoder.cc in Sources */ = {isa = PBXBuildFile; fileRef = CA4D1454220085C1004A0A2B /* keyframe_animation_decoder.cc */; };
		CA1675E8220B0452006672C4 /* keyframe_animation.cc in Sources */ = {isa = PBXBuildFile; fileRef = CA4D144A220085C0004A0A2B /* keyframe_animation.cc */; };
		CA1675E9220B0452006672C4 /* mesh_are_equivalent.cc in Sources */ = {isa = PBXBuildFile; fileRef = CA4D1462220085C2004A0A2B /* mesh_are_equivalent.cc */; };
		CA1675EA220B0452006672C4 /* mesh_attribute_corner_table.cc in Sources */ = {isa = PBXBuildFile; fileRef = CA4D145D220085C1004A0A2B /* mesh_attribute_corner_table.cc */; };
		CA1675EB220B0452006672C4 /* mesh_cleanup.cc in Sources */ = {isa = PBXBuildFile; fileRef = CA4D1471220085C3004A0A2B /* mesh_cleanup.cc */; };
		CA1675EC220B0452006672C4 /* mesh_decoder.cc in Sources */ = {isa = PBXBuildFile; fileRef = CA4D146F220085C3004A0A2B /* mesh_decoder.cc */; };
		CA1675ED220B0452006672C4 /* mesh_edgebreaker_decoder.cc in Sources */ = {isa = PBXBuildFile; fileRef = CA4D1465220085C2004A0A2B /* mesh_edgebreaker_decoder.cc */; };
		CA1675EE220B0452006672C4 /* mesh_misc_functions.cc in Sources */ = {isa = PBXBuildFile; fileRef = CA4D1449220085C0004A0A2B /* mesh_misc_functions.cc */; };
		CA1675EF220B0452006672C4 /* mesh_sequential_decoder.cc in Sources */ = {isa = PBXBuildFile; fileRef = CA4D144B220085C0004A0A2B /* mesh_sequential_decoder.cc */; };
		CA1675F0220B0452006672C4 /* mesh_stripifier.cc in Sources */ = {isa = PBXBuildFile; fileRef = CA4D146C220085C3004A0A2B /* mesh_stripifier.cc */; };
		CA1675F1220B0452006672C4 /* mesh.cc in Sources */ = {isa = PBXBuildFile; fileRef = CA4D1450220085C0004A0A2B /* mesh.cc */; };
		CA1675F2220B0452006672C4 /* metadata_decoder.cc in Sources */ = {isa = PBXBuildFile; fileRef = CA4D1455220085C1004A0A2B /* metadata_decoder.cc */; };
		CA1675F3220B0452006672C4 /* metadata.cc in Sources */ = {isa = PBXBuildFile; fileRef = CA4D1456220085C1004A0A2B /* metadata.cc */; };
		CA1675F4220B0452006672C4 /* options.cc in Sources */ = {isa = PBXBuildFile; fileRef = CA4D1466220085C2004A0A2B /* options.cc */; };
		CA1675F5220B0452006672C4 /* point_cloud_decoder.cc in Sources */ = {isa = PBXBuildFile; fileRef = CA4D145C220085C1004A0A2B /* point_cloud_decoder.cc */; };
		CA1675F6220B0452006672C4 /* point_cloud_kd_tree_decoder.cc in Sources */ = {isa = PBXBuildFile; fileRef = CA4D1461220085C2004A0A2B /* point_cloud_kd_tree_decoder.cc */; };
		CA1675F7220B0452006672C4 /* point_cloud_sequential_decoder.cc in Sources */ = {isa = PBXBuildFile; fileRef = CA4D144C220085C0004A0A2B /* point_cloud_sequential_decoder.cc */; };
		CA1675F8220B0452006672C4 /* point_cloud.cc in Sources */ = {isa = PBXBuildFile; fileRef = CA4D1457220085C1004A0A2B /* point_cloud.cc */; };
		CA1675F9220B0452006672C4 /* quantization_utils.cc in Sources */ = {isa = PBXBuildFile; fileRef = CA4D146B220085C3004A0A2B /* quantization_utils.cc */; };
		CA1675FA220B0452006672C4 /* rans_bit_decoder.cc in Sources */ = {isa = PBXBuildFile; fileRef = CA4D1469220085C3004A0A2B /* rans_bit_decoder.cc */; };
		CA1675FB220B0452006672C4 /* sequential_attribute_decoder.cc in Sources */ = {isa = PBXBuildFile; fileRef = CA4D1458220085C1004A0A2B /* sequential_attribute_decoder.cc */; };
		CA1675FC220B0452006672C4 /* sequential_attribute_decoders_controller.cc in Sources */ = {isa = PBXBuildFile; fileRef = CA4D144D220085C0004A0A2B /* sequential_attribute_decoders_controller.cc */; };
		CA1675FD220B0452006672C4 /* sequential_integer_attribute_decoder.cc in Sources */ = {isa = PBXBuildFile; fileRef = CA4D144E220085C0004A0A2B /* sequential_integer_attribute_decoder.cc */; };
		CA1675FE220B0452006672C4 /* sequential_normal_attribute_decoder.cc in Sources */ = {isa = PBXBuildFile; fileRef = CA4D1459220085C1004A0A2B /* sequential_normal_attribute_decoder.cc */; };
		CA1675FF220B0452006672C4 /* sequential_quantization_attribute_decoder.cc in Sources */ = {isa = PBXBuildFile; fileRef = CA4D144F220085C0004A0A2B /* sequential_quantization_attribute_decoder.cc */; };
		CA167600220B0452006672C4 /* symbol_bit_decoder.cc in Sources */ = {isa = PBXBuildFile; fileRef = CA4D145E220085C2004A0A2B /* symbol_bit_decoder.cc */; };
		CA167601220B0452006672C4 /* attribute_octahedron_transform.cc in Sources */ = {isa = PBXBuildFile; fileRef = CA4D143D22008409004A0A2B /* attribute_octahedron_transform.cc */; };
		CA167602220B0452006672C4 /* attribute_quantization_transform.cc in Sources */ = {isa = PBXBuildFile; fileRef = CA4D143A22008409004A0A2B /* attribute_quantization_transform.cc */; };
		CA167603220B0452006672C4 /* attribute_transform.cc in Sources */ = {isa = PBXBuildFile; fileRef = CA4D143C22008409004A0A2B /* attribute_transform.cc */; };
		CA167604220B0452006672C4 /* geometry_attribute.cc in Sources */ = {isa = PBXBuildFile; fileRef = CA4D143E22008409004A0A2B /* geometry_attribute.cc */; };
		CA167605220B0452006672C4 /* point_attribute.cc in Sources */ = {isa = PBXBuildFile; fileRef = CA4D143B22008409004A0A2B /* point_attribute.cc */; };
		CA167606220B0453006672C4 /* dynamic_integer_points_kd_tree_decoder.cc in Sources */ = {isa = PBXBuildFile; fileRef = CA4D14C4220087D1004A0A2B /* dynamic_integer_points_kd_tree_decoder.cc */; };
		CA167607220B0453006672C4 /* float_points_tree_decoder.cc in Sources */ = {isa = PBXBuildFile; fileRef = CA4D14C8220087D2004A0A2B /* float_points_tree_decoder.cc */; };
		CA167608220B0453006672C4 /* integer_points_kd_tree_decoder.cc in Sources */ = {isa = PBXBuildFile; fileRef = CA4D14C6220087D2004A0A2B /* integer_points_kd_tree_decoder.cc */; };
		CA167609220B0453006672C4 /* mesh_edgebreaker_decoder_impl.cc in Sources */ = {isa = PBXBuildFile; fileRef = CA4D14CA220087D2004A0A2B /* mesh_edgebreaker_decoder_impl.cc */; };
		CA16760A220B0453006672C4 /* shannon_entropy.cc in Sources */ = {isa = PBXBuildFile; fileRef = CA4D14C7220087D2004A0A2B /* shannon_entropy.cc */; };
		CA16760B220B0453006672C4 /* symbol_decoding.cc in Sources */ = {isa = PBXBuildFile; fileRef = CA4D14C9220087D2004A0A2B /* symbol_decoding.cc */; };
		CA16760C220B0453006672C4 /* adaptive_rans_bit_decoder.cc in Sources */ = {isa = PBXBuildFile; fileRef = CA4D1453220085C1004A0A2B /* adaptive_rans_bit_decoder.cc */; };
		CA16760D220B0453006672C4 /* attributes_decoder.cc in Sources */ = {isa = PBXBuildFile; fileRef = CA4D145A220085C1004A0A2B /* attributes_decoder.cc */; };
		CA16760E220B0453006672C4 /* bit_utils.cc in Sources */ = {isa = PBXBuildFile; fileRef = CA4D145F220085C2004A0A2B /* bit_utils.cc */; };
		CA16760F220B0453006672C4 /* bounding_box.cc in Sources */ = {isa = PBXBuildFile; fileRef = CA4D1464220085C2004A0A2B /* bounding_box.cc */; };
		CA167610220B0453006672C4 /* corner_table.cc in Sources */ = {isa = PBXBuildFile; fileRef = CA4D146D220085C3004A0A2B /* corner_table.cc */; };
		CA167611220B0453006672C4 /* cycle_timer.cc in Sources */ = {isa = PBXBuildFile; fileRef = CA4D1468220085C3004A0A2B /* cycle_timer.cc */; };
		CA167612220B0453006672C4 /* data_buffer.cc in Sources */ = {isa = PBXBuildFile; fileRef = CA4D1467220085C2004A0A2B /* data_buffer.cc */; };
		CA167613220B0453006672C4 /* decode.cc in Sources */ = {isa = PBXBuildFile; fileRef = CA4D1451220085C1004A0A2B /* decode.cc */; };
		CA167614220B0453006672C4 /* decoder_buffer.cc in Sources */ = {isa = PBXBuildFile; fileRef = CA4D146A220085C3004A0A2B /* decoder_buffer.cc */; };
		CA167615220B0453006672C4 /* direct_bit_decoder.cc in Sources */ = {isa = PBXBuildFile; fileRef = CA4D1452220085C1004A0A2B /* direct_bit_decoder.cc */; };
		CA167616220B0453006672C4 /* divide.cc in Sources */ = {isa = PBXBuildFile; fileRef = CA4D1463220085C2004A0A2B /* divide.cc */; };
		CA167617220B0453006672C4 /* draco_types.cc in Sources */ = {isa = PBXBuildFile; fileRef = CA4D1460220085C2004A0A2B /* draco_types.cc */; };
		CA167618220B0453006672C4 /* geometry_metadata.cc in Sources */ = {isa = PBXBuildFile; fileRef = CA4D145B220085C1004A0A2B /* geometry_metadata.cc */; };
		CA167619220B0453006672C4 /* hash_utils.cc in Sources */ = {isa = PBXBuildFile; fileRef = CA4D1470220085C3004A0A2B /* hash_utils.cc */; };
		CA16761A220B0453006672C4 /* kd_tree_attributes_decoder.cc in Sources */ = {isa = PBXBuildFile; fileRef = CA4D146E220085C3004A0A2B /* kd_tree_attributes_decoder.cc */; };
		CA16761B220B0453006672C4 /* keyframe_animation_decoder.cc in Sources */ = {isa = PBXBuildFile; fileRef = CA4D1454220085C1004A0A2B /* keyframe_animation_decoder.cc */; };
		CA16761C220B0453006672C4 /* keyframe_animation.cc in Sources */ = {isa = PBXBuildFile; fileRef = CA4D144A220085C0004A0A2B /* keyframe_animation.cc */; };
		CA16761D220B0453006672C4 /* mesh_are_equivalent.cc in Sources */ = {isa = PBXBuildFile; fileRef = CA4D1462220085C2004A0A2B /* mesh_are_equivalent.cc */; };
		CA16761E220B0453006672C4 /* mesh_attribute_corner_table.cc in Sources */ = {isa = PBXBuildFile; fileRef = CA4D145D220085C1004A0A2B /* mesh_attribute_corner_table.cc */; };
		CA16761F220B0453006672C4 /* mesh_cleanup.cc in Sources */ = {isa = PBXBuildFile; fileRef = CA4D1471220085C3004A0A2B /* mesh_cleanup.cc */; };
		CA167620220B0453006672C4 /* mesh_decoder.cc in Sources */ = {isa = PBXBuildFile; fileRef = CA4D146F220085C3004A0A2B /* mesh_decoder.cc */; };
		CA167621220B0453006672C4 /* mesh_edgebreaker_decoder.cc in Sources */ = {isa = PBXBuildFile; fileRef = CA4D1465220085C2004A0A2B /* mesh_edgebreaker_decoder.cc */; };
		CA167622220B0453006672C4 /* mesh_misc_functions.cc in Sources */ = {isa = PBXBuildFile; fileRef = CA4D1449220085C0004A0A2B /* mesh_misc_functions.cc */; };
		CA167623220B0453006672C4 /* mesh_sequential_decoder.cc in Sources */ = {isa = PBXBuildFile; fileRef = CA4D144B220085C0004A0A2B /* mesh_sequential_decoder.cc */; };
		CA167624220B0453006672C4 /* mesh_stripifier.cc in Sources */ = {isa = PBXBuildFile; fileRef = CA4D146C220085C3004A0A2B /* mesh_stripifier.cc */; };
		CA167625220B0453006672C4 /* mesh.cc in Sources */ = {isa = PBXBuildFile; fileRef = CA4D1450220085C0004A0A2B /* mesh.cc */; };
		CA167626220B0453006672C4 /* metadata_decoder.cc in Sources */ = {isa = PBXBuildFile; fileRef = CA4D1455220085C1004A0A2B /* metadata_decoder.cc */; };
		CA167627220B0453006672C4 /* metadata.cc in Sources */ = {isa = PBXBuildFile; fileRef = CA4D1456220085C1004A0A2B /* metadata.cc */; };
		CA167628220B0453006672C4 /* options.cc in Sources */ = {isa = PBXBuildFile; fileRef = CA4D1466220085C2004A0A2B /* options.cc */; };
		CA167629220B0453006672C4 /* point_cloud_decoder.cc in Sources */ = {isa = PBXBuildFile; fileRef = CA4D145C220085C1004A0A2B /* point_cloud_decoder.cc */; };
		CA16762A220B0453006672C4 /* point_cloud_kd_tree_decoder.cc in Sources */ = {isa = PBXBuildFile; fileRef = CA4D1461220085C2004A0A2B /* point_cloud_kd_tree_decoder.cc */; };
		CA16762B220B0453006672C4 /* point_cloud_sequential_decoder.cc in Sources */ = {isa = PBXBuildFile; fileRef = CA4D144C220085C0004A0A2B /* point_cloud_sequential_decoder.cc */; };
		CA16762C220B0453006672C4 /* point_cloud.cc in Sources */ = {isa = PBXBuildFile; fileRef = CA4D1457220085C1004A0A2B /* point_cloud.cc */; };
		CA16762D220B0453006672C4 /* quantization_utils.cc in Sources */ = {isa = PBXBuildFile; fileRef = CA4D146B220085C3004A0A2B /* quantization_utils.cc */; };
		CA16762E220B0453006672C4 /* rans_bit_decoder.cc in Sources */ = {isa = PBXBuildFile; fileRef = CA4D1469220085C3004A0A2B /* rans_bit_decoder.cc */; };
		CA16762F220B0453006672C4 /* sequential_attribute_decoder.cc in Sources */ = {isa = PBXBuildFile; fileRef = CA4D1458220085C1004A0A2B /* sequential_attribute_decoder.cc */; };
		CA167630220B0453006672C4 /* sequential_attribute_decoders_controller.cc in Sources */ = {isa = PBXBuildFile; fileRef = CA4D144D220085C0004A0A2B /* sequential_attribute_decoders_controller.cc */; };
		CA167631220B0453006672C4 /* sequential_integer_attribute_decoder.cc in Sources */ = {isa = PBXBuildFile; fileRef = CA4D144E220085C0004A0A2B /* sequential_integer_attribute_decoder.cc */; };
		CA167632220B0453006672C4 /* sequential_normal_attribute_decoder.cc in Sources */ = {isa = PBXBuildFile; fileRef = CA4D1459220085C1004A0A2B /* sequential_normal_attribute_decoder.cc */; };
		CA167633220B0453006672C4 /* sequential_quantization_attribute_decoder.cc in Sources */ = {isa = PBXBuildFile; fileRef = CA4D144F220085C0004A0A2B /* sequential_quantization_attribute_decoder.cc */; };
		CA167634220B0453006672C4 /* symbol_bit_decoder.cc in Sources */ = {isa = PBXBuildFile; fileRef = CA4D145E220085C2004A0A2B /* symbol_bit_decoder.cc */; };
		CA167635220B0453006672C4 /* attribute_octahedron_transform.cc in Sources */ = {isa = PBXBuildFile; fileRef = CA4D143D22008409004A0A2B /* attribute_octahedron_transform.cc */; };
		CA167636220B0453006672C4 /* attribute_quantization_transform.cc in Sources */ = {isa = PBXBuildFile; fileRef = CA4D143A22008409004A0A2B /* attribute_quantization_transform.cc */; };
		CA167637220B0453006672C4 /* attribute_transform.cc in Sources */ = {isa = PBXBuildFile; fileRef = CA4D143C22008409004A0A2B /* attribute_transform.cc */; };
		CA167638220B0453006672C4 /* geometry_attribute.cc in Sources */ = {isa = PBXBuildFile; fileRef = CA4D143E22008409004A0A2B /* geometry_attribute.cc */; };
		CA167639220B0453006672C4 /* point_attribute.cc in Sources */ = {isa = PBXBuildFile; fileRef = CA4D143B22008409004A0A2B /* point_attribute.cc */; };
		CA4E25392205E85F005190FB /* fonts in Resources */ = {isa = PBXBuildFile; fileRef = CA4E25362205E85F005190FB /* fonts */; };
		CA4E253A2205E85F005190FB /* fonts in Resources */ = {isa = PBXBuildFile; fileRef = CA4E25362205E85F005190FB /* fonts */; };
		CA4E253B2205E85F005190FB /* shaders in Resources */ = {isa = PBXBuildFile; fileRef = CA4E25372205E85F005190FB /* shaders */; };
		CA4E253C2205E85F005190FB /* shaders in Resources */ = {isa = PBXBuildFile; fileRef = CA4E25372205E85F005190FB /* shaders */; };
		CA4E253D2205E85F005190FB /* images in Resources */ = {isa = PBXBuildFile; fileRef = CA4E25382205E85F005190FB /* images */; };
		CA4E253E2205E85F005190FB /* images in Resources */ = {isa = PBXBuildFile; fileRef = CA4E25382205E85F005190FB /* images */; };
		CA676D04217A2E8F0098A888 /* AppDelegate.m in Sources */ = {isa = PBXBuildFile; fileRef = CA676D03217A2E8F0098A888 /* AppDelegate.m */; };
		CA676D07217A2E8F0098A888 /* GameViewController.mm in Sources */ = {isa = PBXBuildFile; fileRef = CA676D06217A2E8F0098A888 /* GameViewController.mm */; };
		CA676D0A217A2E8F0098A888 /* Main.storyboard in Resources */ = {isa = PBXBuildFile; fileRef = CA676D08217A2E8F0098A888 /* Main.storyboard */; };
		CA676D0D217A2E8F0098A888 /* LaunchScreen.storyboard in Resources */ = {isa = PBXBuildFile; fileRef = CA676D0B217A2E8F0098A888 /* LaunchScreen.storyboard */; };
		CA676D10217A2E900098A888 /* main.m in Sources */ = {isa = PBXBuildFile; fileRef = CA676D0F217A2E900098A888 /* main.m */; };
		CA676D19217A2E900098A888 /* AppDelegate.m in Sources */ = {isa = PBXBuildFile; fileRef = CA676D18217A2E900098A888 /* AppDelegate.m */; };
		CA676D1C217A2E900098A888 /* GameViewController.mm in Sources */ = {isa = PBXBuildFile; fileRef = CA676D1B217A2E900098A888 /* GameViewController.mm */; };
		CA676D1F217A2E900098A888 /* Main.storyboard in Resources */ = {isa = PBXBuildFile; fileRef = CA676D1D217A2E900098A888 /* Main.storyboard */; };
		CA676D22217A2E900098A888 /* main.m in Sources */ = {isa = PBXBuildFile; fileRef = CA676D21217A2E900098A888 /* main.m */; };
		CA676D27217A2E900098A888 /* Assets.xcassets in Resources */ = {isa = PBXBuildFile; fileRef = CA676CFA217A2E8F0098A888 /* Assets.xcassets */; };
		CA676D28217A2E900098A888 /* Assets.xcassets in Resources */ = {isa = PBXBuildFile; fileRef = CA676CFA217A2E8F0098A888 /* Assets.xcassets */; };
		CA6AAA6F217B567D005A0CDF /* libc++.tbd in Frameworks */ = {isa = PBXBuildFile; fileRef = CA6AAA6E217B567D005A0CDF /* libc++.tbd */; };
		CA6AAA71217B568B005A0CDF /* libc++.tbd in Frameworks */ = {isa = PBXBuildFile; fileRef = CA6AAA70217B568B005A0CDF /* libc++.tbd */; };
		CA6AAA73217B580E005A0CDF /* libpthread.tbd in Frameworks */ = {isa = PBXBuildFile; fileRef = CA6AAA72217B580E005A0CDF /* libpthread.tbd */; };
		CA9A2CAB21A811DE005FE302 /* ScenePrintPretty.cpp in Sources */ = {isa = PBXBuildFile; fileRef = CA9A2CAA21A811DD005FE302 /* ScenePrintPretty.cpp */; };
		CA9A2CAC21A812F0005FE302 /* ScenePrintPretty.cpp in Sources */ = {isa = PBXBuildFile; fileRef = CA9A2CAA21A811DD005FE302 /* ScenePrintPretty.cpp */; };
		CA9A4ABD217DC752007E4D21 /* NuklearRendererBase.cpp in Sources */ = {isa = PBXBuildFile; fileRef = CA9A4ABB217DC752007E4D21 /* NuklearRendererBase.cpp */; };
		CA9A4ABE217DC752007E4D21 /* NuklearRendererBase.cpp in Sources */ = {isa = PBXBuildFile; fileRef = CA9A4ABB217DC752007E4D21 /* NuklearRendererBase.cpp */; };
		CA9A4ABF217DC752007E4D21 /* ViewerAppShellFactory.cpp in Sources */ = {isa = PBXBuildFile; fileRef = CA9A4ABC217DC752007E4D21 /* ViewerAppShellFactory.cpp */; };
		CA9A4AC0217DC752007E4D21 /* ViewerAppShellFactory.cpp in Sources */ = {isa = PBXBuildFile; fileRef = CA9A4ABC217DC752007E4D21 /* ViewerAppShellFactory.cpp */; };
		CA9A4AD1217DC94F007E4D21 /* QueuePools.Vulkan.cpp in Sources */ = {isa = PBXBuildFile; fileRef = CA9A4AD0217DC94F007E4D21 /* QueuePools.Vulkan.cpp */; };
		CA9A4AD2217DC94F007E4D21 /* QueuePools.Vulkan.cpp in Sources */ = {isa = PBXBuildFile; fileRef = CA9A4AD0217DC94F007E4D21 /* QueuePools.Vulkan.cpp */; };
		CABD23EA217B0BF20056A686 /* AppState.cpp in Sources */ = {isa = PBXBuildFile; fileRef = CABD23E6217B0BF20056A686 /* AppState.cpp */; };
		CABD23EB217B0BF20056A686 /* AppState.cpp in Sources */ = {isa = PBXBuildFile; fileRef = CABD23E6217B0BF20056A686 /* AppState.cpp */; };
		CABD23EC217B0BF20056A686 /* CityHash.cpp in Sources */ = {isa = PBXBuildFile; fileRef = CABD23E7217B0BF20056A686 /* CityHash.cpp */; };
		CABD23ED217B0BF20056A686 /* CityHash.cpp in Sources */ = {isa = PBXBuildFile; fileRef = CABD23E7217B0BF20056A686 /* CityHash.cpp */; };
		CABD23EF217B0F180056A686 /* MemoryManager.cpp in Sources */ = {isa = PBXBuildFile; fileRef = CABD23EE217B0F180056A686 /* MemoryManager.cpp */; };
		CABD23F0217B0F180056A686 /* MemoryManager.cpp in Sources */ = {isa = PBXBuildFile; fileRef = CABD23EE217B0F180056A686 /* MemoryManager.cpp */; };
		CABD2407217B38290056A686 /* IOSurface.framework in Frameworks */ = {isa = PBXBuildFile; fileRef = CABD2405217B38290056A686 /* IOSurface.framework */; };
		CABD2408217B38290056A686 /* Metal.framework in Frameworks */ = {isa = PBXBuildFile; fileRef = CABD2406217B38290056A686 /* Metal.framework */; };
		CABD241C217B3B9A0056A686 /* QuartzCore.framework in Frameworks */ = {isa = PBXBuildFile; fileRef = CABD241A217B3B9A0056A686 /* QuartzCore.framework */; };
		CABD241D217B3B9A0056A686 /* Metal.framework in Frameworks */ = {isa = PBXBuildFile; fileRef = CABD241B217B3B9A0056A686 /* Metal.framework */; };
		CABD2426217B3E030056A686 /* Swapchain.Vulkan.cpp in Sources */ = {isa = PBXBuildFile; fileRef = CABD241F217B3E030056A686 /* Swapchain.Vulkan.cpp */; };
		CABD2427217B3E030056A686 /* Swapchain.Vulkan.cpp in Sources */ = {isa = PBXBuildFile; fileRef = CABD241F217B3E030056A686 /* Swapchain.Vulkan.cpp */; };
		CABD2428217B3E030056A686 /* DescriptorPool.Vulkan.cpp in Sources */ = {isa = PBXBuildFile; fileRef = CABD2420217B3E030056A686 /* DescriptorPool.Vulkan.cpp */; };
		CABD2429217B3E030056A686 /* DescriptorPool.Vulkan.cpp in Sources */ = {isa = PBXBuildFile; fileRef = CABD2420217B3E030056A686 /* DescriptorPool.Vulkan.cpp */; };
		CABD242A217B3E030056A686 /* BufferPools.Vulkan.cpp in Sources */ = {isa = PBXBuildFile; fileRef = CABD2421217B3E030056A686 /* BufferPools.Vulkan.cpp */; };
		CABD242B217B3E030056A686 /* BufferPools.Vulkan.cpp in Sources */ = {isa = PBXBuildFile; fileRef = CABD2421217B3E030056A686 /* BufferPools.Vulkan.cpp */; };
		CABD242C217B3E030056A686 /* GraphicsManager.Vulkan.cpp in Sources */ = {isa = PBXBuildFile; fileRef = CABD2422217B3E030056A686 /* GraphicsManager.Vulkan.cpp */; };
		CABD242D217B3E030056A686 /* GraphicsManager.Vulkan.cpp in Sources */ = {isa = PBXBuildFile; fileRef = CABD2422217B3E030056A686 /* GraphicsManager.Vulkan.cpp */; };
		CABD242E217B3E030056A686 /* AssetManager.cpp in Sources */ = {isa = PBXBuildFile; fileRef = CABD2423217B3E030056A686 /* AssetManager.cpp */; };
		CABD242F217B3E030056A686 /* AssetManager.cpp in Sources */ = {isa = PBXBuildFile; fileRef = CABD2423217B3E030056A686 /* AssetManager.cpp */; };
		CABD2430217B3E030056A686 /* CityHash.Vulkan.cpp in Sources */ = {isa = PBXBuildFile; fileRef = CABD2424217B3E030056A686 /* CityHash.Vulkan.cpp */; };
		CABD2431217B3E030056A686 /* CityHash.Vulkan.cpp in Sources */ = {isa = PBXBuildFile; fileRef = CABD2424217B3E030056A686 /* CityHash.Vulkan.cpp */; };
		CABD2432217B3E030056A686 /* GraphicsDevice.Vulkan.cpp in Sources */ = {isa = PBXBuildFile; fileRef = CABD2425217B3E030056A686 /* GraphicsDevice.Vulkan.cpp */; };
		CABD2433217B3E030056A686 /* GraphicsDevice.Vulkan.cpp in Sources */ = {isa = PBXBuildFile; fileRef = CABD2425217B3E030056A686 /* GraphicsDevice.Vulkan.cpp */; };
		CABD2437217B3F450056A686 /* AppSurface.Vulkan.cpp in Sources */ = {isa = PBXBuildFile; fileRef = CABD2434217B3F440056A686 /* AppSurface.Vulkan.cpp */; };
		CABD2438217B3F450056A686 /* AppSurface.Vulkan.cpp in Sources */ = {isa = PBXBuildFile; fileRef = CABD2434217B3F440056A686 /* AppSurface.Vulkan.cpp */; };
		CABD2439217B3F450056A686 /* ImageUploader.Vulkan.cpp in Sources */ = {isa = PBXBuildFile; fileRef = CABD2435217B3F440056A686 /* ImageUploader.Vulkan.cpp */; };
		CABD243A217B3F450056A686 /* ImageUploader.Vulkan.cpp in Sources */ = {isa = PBXBuildFile; fileRef = CABD2435217B3F440056A686 /* ImageUploader.Vulkan.cpp */; };
		CABD243B217B3F450056A686 /* SamplerManager.Vulkan.cpp in Sources */ = {isa = PBXBuildFile; fileRef = CABD2436217B3F450056A686 /* SamplerManager.Vulkan.cpp */; };
		CABD243C217B3F450056A686 /* SamplerManager.Vulkan.cpp in Sources */ = {isa = PBXBuildFile; fileRef = CABD2436217B3F450056A686 /* SamplerManager.Vulkan.cpp */; };
		CABD2445217B43A60056A686 /* NuklearRendererVk.cpp in Sources */ = {isa = PBXBuildFile; fileRef = CABD243F217B43A60056A686 /* NuklearRendererVk.cpp */; };
		CABD2446217B43A60056A686 /* NuklearRendererVk.cpp in Sources */ = {isa = PBXBuildFile; fileRef = CABD243F217B43A60056A686 /* NuklearRendererVk.cpp */; };
		CABD2447217B43A60056A686 /* DebugRendererVk.cpp in Sources */ = {isa = PBXBuildFile; fileRef = CABD2440217B43A60056A686 /* DebugRendererVk.cpp */; };
		CABD2448217B43A60056A686 /* DebugRendererVk.cpp in Sources */ = {isa = PBXBuildFile; fileRef = CABD2440217B43A60056A686 /* DebugRendererVk.cpp */; };
		CABD2449217B43A60056A686 /* SceneRendererVk.cpp in Sources */ = {isa = PBXBuildFile; fileRef = CABD2441217B43A60056A686 /* SceneRendererVk.cpp */; };
		CABD244A217B43A60056A686 /* SceneRendererVk.cpp in Sources */ = {isa = PBXBuildFile; fileRef = CABD2441217B43A60056A686 /* SceneRendererVk.cpp */; };
		CABD244D217B43A60056A686 /* ViewerShellVk.cpp in Sources */ = {isa = PBXBuildFile; fileRef = CABD2443217B43A60056A686 /* ViewerShellVk.cpp */; };
		CABD244E217B43A60056A686 /* ViewerShellVk.cpp in Sources */ = {isa = PBXBuildFile; fileRef = CABD2443217B43A60056A686 /* ViewerShellVk.cpp */; };
		CABD244F217B43A60056A686 /* SkyboxRendererVk.cpp in Sources */ = {isa = PBXBuildFile; fileRef = CABD2444217B43A60056A686 /* SkyboxRendererVk.cpp */; };
		CABD2450217B43A60056A686 /* SkyboxRendererVk.cpp in Sources */ = {isa = PBXBuildFile; fileRef = CABD2444217B43A60056A686 /* SkyboxRendererVk.cpp */; };
		CABD2458217B43EB0056A686 /* Scene.cpp in Sources */ = {isa = PBXBuildFile; fileRef = CABD2457217B43EB0056A686 /* Scene.cpp */; };
		CABD2459217B43EB0056A686 /* Scene.cpp in Sources */ = {isa = PBXBuildFile; fileRef = CABD2457217B43EB0056A686 /* Scene.cpp */; };
		CABD245B217B44BE0056A686 /* MoltenVK.framework in Frameworks */ = {isa = PBXBuildFile; fileRef = CABD245A217B44BE0056A686 /* MoltenVK.framework */; };
		CABD245C217B44CC0056A686 /* MoltenVK.framework in Frameworks */ = {isa = PBXBuildFile; fileRef = CABD245A217B44BE0056A686 /* MoltenVK.framework */; };
/* End PBXBuildFile section */

/* Begin PBXFileReference section */
		CA4D143A22008409004A0A2B /* attribute_quantization_transform.cc */ = {isa = PBXFileReference; fileEncoding = 4; lastKnownFileType = sourcecode.cpp.cpp; name = attribute_quantization_transform.cc; path = ../../dependencies/draco/src/draco/attributes/attribute_quantization_transform.cc; sourceTree = SOURCE_ROOT; };
		CA4D143B22008409004A0A2B /* point_attribute.cc */ = {isa = PBXFileReference; fileEncoding = 4; lastKnownFileType = sourcecode.cpp.cpp; name = point_attribute.cc; path = ../../dependencies/draco/src/draco/attributes/point_attribute.cc; sourceTree = SOURCE_ROOT; };
		CA4D143C22008409004A0A2B /* attribute_transform.cc */ = {isa = PBXFileReference; fileEncoding = 4; lastKnownFileType = sourcecode.cpp.cpp; name = attribute_transform.cc; path = ../../dependencies/draco/src/draco/attributes/attribute_transform.cc; sourceTree = SOURCE_ROOT; };
		CA4D143D22008409004A0A2B /* attribute_octahedron_transform.cc */ = {isa = PBXFileReference; fileEncoding = 4; lastKnownFileType = sourcecode.cpp.cpp; name = attribute_octahedron_transform.cc; path = ../../dependencies/draco/src/draco/attributes/attribute_octahedron_transform.cc; sourceTree = SOURCE_ROOT; };
		CA4D143E22008409004A0A2B /* geometry_attribute.cc */ = {isa = PBXFileReference; fileEncoding = 4; lastKnownFileType = sourcecode.cpp.cpp; name = geometry_attribute.cc; path = ../../dependencies/draco/src/draco/attributes/geometry_attribute.cc; sourceTree = SOURCE_ROOT; };
		CA4D1449220085C0004A0A2B /* mesh_misc_functions.cc */ = {isa = PBXFileReference; fileEncoding = 4; lastKnownFileType = sourcecode.cpp.cpp; name = mesh_misc_functions.cc; path = ../../dependencies/draco/src/draco/mesh/mesh_misc_functions.cc; sourceTree = SOURCE_ROOT; };
		CA4D144A220085C0004A0A2B /* keyframe_animation.cc */ = {isa = PBXFileReference; fileEncoding = 4; lastKnownFileType = sourcecode.cpp.cpp; name = keyframe_animation.cc; path = ../../dependencies/draco/src/draco/animation/keyframe_animation.cc; sourceTree = SOURCE_ROOT; };
		CA4D144B220085C0004A0A2B /* mesh_sequential_decoder.cc */ = {isa = PBXFileReference; fileEncoding = 4; lastKnownFileType = sourcecode.cpp.cpp; name = mesh_sequential_decoder.cc; path = ../../dependencies/draco/src/draco/compression/mesh/mesh_sequential_decoder.cc; sourceTree = SOURCE_ROOT; };
		CA4D144C220085C0004A0A2B /* point_cloud_sequential_decoder.cc */ = {isa = PBXFileReference; fileEncoding = 4; lastKnownFileType = sourcecode.cpp.cpp; name = point_cloud_sequential_decoder.cc; path = ../../dependencies/draco/src/draco/compression/point_cloud/point_cloud_sequential_decoder.cc; sourceTree = SOURCE_ROOT; };
		CA4D144D220085C0004A0A2B /* sequential_attribute_decoders_controller.cc */ = {isa = PBXFileReference; fileEncoding = 4; lastKnownFileType = sourcecode.cpp.cpp; name = sequential_attribute_decoders_controller.cc; path = ../../dependencies/draco/src/draco/compression/attributes/sequential_attribute_decoders_controller.cc; sourceTree = SOURCE_ROOT; };
		CA4D144E220085C0004A0A2B /* sequential_integer_attribute_decoder.cc */ = {isa = PBXFileReference; fileEncoding = 4; lastKnownFileType = sourcecode.cpp.cpp; name = sequential_integer_attribute_decoder.cc; path = ../../dependencies/draco/src/draco/compression/attributes/sequential_integer_attribute_decoder.cc; sourceTree = SOURCE_ROOT; };
		CA4D144F220085C0004A0A2B /* sequential_quantization_attribute_decoder.cc */ = {isa = PBXFileReference; fileEncoding = 4; lastKnownFileType = sourcecode.cpp.cpp; name = sequential_quantization_attribute_decoder.cc; path = ../../dependencies/draco/src/draco/compression/attributes/sequential_quantization_attribute_decoder.cc; sourceTree = SOURCE_ROOT; };
		CA4D1450220085C0004A0A2B /* mesh.cc */ = {isa = PBXFileReference; fileEncoding = 4; lastKnownFileType = sourcecode.cpp.cpp; name = mesh.cc; path = ../../dependencies/draco/src/draco/mesh/mesh.cc; sourceTree = SOURCE_ROOT; };
		CA4D1451220085C1004A0A2B /* decode.cc */ = {isa = PBXFileReference; fileEncoding = 4; lastKnownFileType = sourcecode.cpp.cpp; name = decode.cc; path = ../../dependencies/draco/src/draco/compression/decode.cc; sourceTree = SOURCE_ROOT; };
		CA4D1452220085C1004A0A2B /* direct_bit_decoder.cc */ = {isa = PBXFileReference; fileEncoding = 4; lastKnownFileType = sourcecode.cpp.cpp; name = direct_bit_decoder.cc; path = ../../dependencies/draco/src/draco/compression/bit_coders/direct_bit_decoder.cc; sourceTree = SOURCE_ROOT; };
		CA4D1453220085C1004A0A2B /* adaptive_rans_bit_decoder.cc */ = {isa = PBXFileReference; fileEncoding = 4; lastKnownFileType = sourcecode.cpp.cpp; name = adaptive_rans_bit_decoder.cc; path = ../../dependencies/draco/src/draco/compression/bit_coders/adaptive_rans_bit_decoder.cc; sourceTree = SOURCE_ROOT; };
		CA4D1454220085C1004A0A2B /* keyframe_animation_decoder.cc */ = {isa = PBXFileReference; fileEncoding = 4; lastKnownFileType = sourcecode.cpp.cpp; name = keyframe_animation_decoder.cc; path = ../../dependencies/draco/src/draco/animation/keyframe_animation_decoder.cc; sourceTree = SOURCE_ROOT; };
		CA4D1455220085C1004A0A2B /* metadata_decoder.cc */ = {isa = PBXFileReference; fileEncoding = 4; lastKnownFileType = sourcecode.cpp.cpp; name = metadata_decoder.cc; path = ../../dependencies/draco/src/draco/metadata/metadata_decoder.cc; sourceTree = SOURCE_ROOT; };
		CA4D1456220085C1004A0A2B /* metadata.cc */ = {isa = PBXFileReference; fileEncoding = 4; lastKnownFileType = sourcecode.cpp.cpp; name = metadata.cc; path = ../../dependencies/draco/src/draco/metadata/metadata.cc; sourceTree = SOURCE_ROOT; };
		CA4D1457220085C1004A0A2B /* point_cloud.cc */ = {isa = PBXFileReference; fileEncoding = 4; lastKnownFileType = sourcecode.cpp.cpp; name = point_cloud.cc; path = ../../dependencies/draco/src/draco/point_cloud/point_cloud.cc; sourceTree = SOURCE_ROOT; };
		CA4D1458220085C1004A0A2B /* sequential_attribute_decoder.cc */ = {isa = PBXFileReference; fileEncoding = 4; lastKnownFileType = sourcecode.cpp.cpp; name = sequential_attribute_decoder.cc; path = ../../dependencies/draco/src/draco/compression/attributes/sequential_attribute_decoder.cc; sourceTree = SOURCE_ROOT; };
		CA4D1459220085C1004A0A2B /* sequential_normal_attribute_decoder.cc */ = {isa = PBXFileReference; fileEncoding = 4; lastKnownFileType = sourcecode.cpp.cpp; name = sequential_normal_attribute_decoder.cc; path = ../../dependencies/draco/src/draco/compression/attributes/sequential_normal_attribute_decoder.cc; sourceTree = SOURCE_ROOT; };
		CA4D145A220085C1004A0A2B /* attributes_decoder.cc */ = {isa = PBXFileReference; fileEncoding = 4; lastKnownFileType = sourcecode.cpp.cpp; name = attributes_decoder.cc; path = ../../dependencies/draco/src/draco/compression/attributes/attributes_decoder.cc; sourceTree = SOURCE_ROOT; };
		CA4D145B220085C1004A0A2B /* geometry_metadata.cc */ = {isa = PBXFileReference; fileEncoding = 4; lastKnownFileType = sourcecode.cpp.cpp; name = geometry_metadata.cc; path = ../../dependencies/draco/src/draco/metadata/geometry_metadata.cc; sourceTree = SOURCE_ROOT; };
		CA4D145C220085C1004A0A2B /* point_cloud_decoder.cc */ = {isa = PBXFileReference; fileEncoding = 4; lastKnownFileType = sourcecode.cpp.cpp; name = point_cloud_decoder.cc; path = ../../dependencies/draco/src/draco/compression/point_cloud/point_cloud_decoder.cc; sourceTree = SOURCE_ROOT; };
		CA4D145D220085C1004A0A2B /* mesh_attribute_corner_table.cc */ = {isa = PBXFileReference; fileEncoding = 4; lastKnownFileType = sourcecode.cpp.cpp; name = mesh_attribute_corner_table.cc; path = ../../dependencies/draco/src/draco/mesh/mesh_attribute_corner_table.cc; sourceTree = SOURCE_ROOT; };
		CA4D145E220085C2004A0A2B /* symbol_bit_decoder.cc */ = {isa = PBXFileReference; fileEncoding = 4; lastKnownFileType = sourcecode.cpp.cpp; name = symbol_bit_decoder.cc; path = ../../dependencies/draco/src/draco/compression/bit_coders/symbol_bit_decoder.cc; sourceTree = SOURCE_ROOT; };
		CA4D145F220085C2004A0A2B /* bit_utils.cc */ = {isa = PBXFileReference; fileEncoding = 4; lastKnownFileType = sourcecode.cpp.cpp; name = bit_utils.cc; path = ../../dependencies/draco/src/draco/core/bit_utils.cc; sourceTree = SOURCE_ROOT; };
		CA4D1460220085C2004A0A2B /* draco_types.cc */ = {isa = PBXFileReference; fileEncoding = 4; lastKnownFileType = sourcecode.cpp.cpp; name = draco_types.cc; path = ../../dependencies/draco/src/draco/core/draco_types.cc; sourceTree = SOURCE_ROOT; };
		CA4D1461220085C2004A0A2B /* point_cloud_kd_tree_decoder.cc */ = {isa = PBXFileReference; fileEncoding = 4; lastKnownFileType = sourcecode.cpp.cpp; name = point_cloud_kd_tree_decoder.cc; path = ../../dependencies/draco/src/draco/compression/point_cloud/point_cloud_kd_tree_decoder.cc; sourceTree = SOURCE_ROOT; };
		CA4D1462220085C2004A0A2B /* mesh_are_equivalent.cc */ = {isa = PBXFileReference; fileEncoding = 4; lastKnownFileType = sourcecode.cpp.cpp; name = mesh_are_equivalent.cc; path = ../../dependencies/draco/src/draco/mesh/mesh_are_equivalent.cc; sourceTree = SOURCE_ROOT; };
		CA4D1463220085C2004A0A2B /* divide.cc */ = {isa = PBXFileReference; fileEncoding = 4; lastKnownFileType = sourcecode.cpp.cpp; name = divide.cc; path = ../../dependencies/draco/src/draco/core/divide.cc; sourceTree = SOURCE_ROOT; };
		CA4D1464220085C2004A0A2B /* bounding_box.cc */ = {isa = PBXFileReference; fileEncoding = 4; lastKnownFileType = sourcecode.cpp.cpp; name = bounding_box.cc; path = ../../dependencies/draco/src/draco/core/bounding_box.cc; sourceTree = SOURCE_ROOT; };
		CA4D1465220085C2004A0A2B /* mesh_edgebreaker_decoder.cc */ = {isa = PBXFileReference; fileEncoding = 4; lastKnownFileType = sourcecode.cpp.cpp; name = mesh_edgebreaker_decoder.cc; path = ../../dependencies/draco/src/draco/compression/mesh/mesh_edgebreaker_decoder.cc; sourceTree = SOURCE_ROOT; };
		CA4D1466220085C2004A0A2B /* options.cc */ = {isa = PBXFileReference; fileEncoding = 4; lastKnownFileType = sourcecode.cpp.cpp; name = options.cc; path = ../../dependencies/draco/src/draco/core/options.cc; sourceTree = SOURCE_ROOT; };
		CA4D1467220085C2004A0A2B /* data_buffer.cc */ = {isa = PBXFileReference; fileEncoding = 4; lastKnownFileType = sourcecode.cpp.cpp; name = data_buffer.cc; path = ../../dependencies/draco/src/draco/core/data_buffer.cc; sourceTree = SOURCE_ROOT; };
		CA4D1468220085C3004A0A2B /* cycle_timer.cc */ = {isa = PBXFileReference; fileEncoding = 4; lastKnownFileType = sourcecode.cpp.cpp; name = cycle_timer.cc; path = ../../dependencies/draco/src/draco/core/cycle_timer.cc; sourceTree = SOURCE_ROOT; };
		CA4D1469220085C3004A0A2B /* rans_bit_decoder.cc */ = {isa = PBXFileReference; fileEncoding = 4; lastKnownFileType = sourcecode.cpp.cpp; name = rans_bit_decoder.cc; path = ../../dependencies/draco/src/draco/compression/bit_coders/rans_bit_decoder.cc; sourceTree = SOURCE_ROOT; };
		CA4D146A220085C3004A0A2B /* decoder_buffer.cc */ = {isa = PBXFileReference; fileEncoding = 4; lastKnownFileType = sourcecode.cpp.cpp; name = decoder_buffer.cc; path = ../../dependencies/draco/src/draco/core/decoder_buffer.cc; sourceTree = SOURCE_ROOT; };
		CA4D146B220085C3004A0A2B /* quantization_utils.cc */ = {isa = PBXFileReference; fileEncoding = 4; lastKnownFileType = sourcecode.cpp.cpp; name = quantization_utils.cc; path = ../../dependencies/draco/src/draco/core/quantization_utils.cc; sourceTree = SOURCE_ROOT; };
		CA4D146C220085C3004A0A2B /* mesh_stripifier.cc */ = {isa = PBXFileReference; fileEncoding = 4; lastKnownFileType = sourcecode.cpp.cpp; name = mesh_stripifier.cc; path = ../../dependencies/draco/src/draco/mesh/mesh_stripifier.cc; sourceTree = SOURCE_ROOT; };
		CA4D146D220085C3004A0A2B /* corner_table.cc */ = {isa = PBXFileReference; fileEncoding = 4; lastKnownFileType = sourcecode.cpp.cpp; name = corner_table.cc; path = ../../dependencies/draco/src/draco/mesh/corner_table.cc; sourceTree = SOURCE_ROOT; };
		CA4D146E220085C3004A0A2B /* kd_tree_attributes_decoder.cc */ = {isa = PBXFileReference; fileEncoding = 4; lastKnownFileType = sourcecode.cpp.cpp; name = kd_tree_attributes_decoder.cc; path = ../../dependencies/draco/src/draco/compression/attributes/kd_tree_attributes_decoder.cc; sourceTree = SOURCE_ROOT; };
		CA4D146F220085C3004A0A2B /* mesh_decoder.cc */ = {isa = PBXFileReference; fileEncoding = 4; lastKnownFileType = sourcecode.cpp.cpp; name = mesh_decoder.cc; path = ../../dependencies/draco/src/draco/compression/mesh/mesh_decoder.cc; sourceTree = SOURCE_ROOT; };
		CA4D1470220085C3004A0A2B /* hash_utils.cc */ = {isa = PBXFileReference; fileEncoding = 4; lastKnownFileType = sourcecode.cpp.cpp; name = hash_utils.cc; path = ../../dependencies/draco/src/draco/core/hash_utils.cc; sourceTree = SOURCE_ROOT; };
		CA4D1471220085C3004A0A2B /* mesh_cleanup.cc */ = {isa = PBXFileReference; fileEncoding = 4; lastKnownFileType = sourcecode.cpp.cpp; name = mesh_cleanup.cc; path = ../../dependencies/draco/src/draco/mesh/mesh_cleanup.cc; sourceTree = SOURCE_ROOT; };
		CA4D14C4220087D1004A0A2B /* dynamic_integer_points_kd_tree_decoder.cc */ = {isa = PBXFileReference; fileEncoding = 4; lastKnownFileType = sourcecode.cpp.cpp; name = dynamic_integer_points_kd_tree_decoder.cc; path = ../../dependencies/draco/src/draco/compression/point_cloud/algorithms/dynamic_integer_points_kd_tree_decoder.cc; sourceTree = SOURCE_ROOT; };
		CA4D14C6220087D2004A0A2B /* integer_points_kd_tree_decoder.cc */ = {isa = PBXFileReference; fileEncoding = 4; lastKnownFileType = sourcecode.cpp.cpp; name = integer_points_kd_tree_decoder.cc; path = ../../dependencies/draco/src/draco/compression/point_cloud/algorithms/integer_points_kd_tree_decoder.cc; sourceTree = SOURCE_ROOT; };
		CA4D14C7220087D2004A0A2B /* shannon_entropy.cc */ = {isa = PBXFileReference; fileEncoding = 4; lastKnownFileType = sourcecode.cpp.cpp; name = shannon_entropy.cc; path = ../../dependencies/draco/src/draco/compression/entropy/shannon_entropy.cc; sourceTree = SOURCE_ROOT; };
		CA4D14C8220087D2004A0A2B /* float_points_tree_decoder.cc */ = {isa = PBXFileReference; fileEncoding = 4; lastKnownFileType = sourcecode.cpp.cpp; name = float_points_tree_decoder.cc; path = ../../dependencies/draco/src/draco/compression/point_cloud/algorithms/float_points_tree_decoder.cc; sourceTree = SOURCE_ROOT; };
		CA4D14C9220087D2004A0A2B /* symbol_decoding.cc */ = {isa = PBXFileReference; fileEncoding = 4; lastKnownFileType = sourcecode.cpp.cpp; name = symbol_decoding.cc; path = ../../dependencies/draco/src/draco/compression/entropy/symbol_decoding.cc; sourceTree = SOURCE_ROOT; };
		CA4D14CA220087D2004A0A2B /* mesh_edgebreaker_decoder_impl.cc */ = {isa = PBXFileReference; fileEncoding = 4; lastKnownFileType = sourcecode.cpp.cpp; name = mesh_edgebreaker_decoder_impl.cc; path = ../../dependencies/draco/src/draco/compression/mesh/mesh_edgebreaker_decoder_impl.cc; sourceTree = SOURCE_ROOT; };
		CA4E25362205E85F005190FB /* fonts */ = {isa = PBXFileReference; lastKnownFileType = folder; name = fonts; path = ../../../../assets/fonts; sourceTree = "<group>"; };
		CA4E25372205E85F005190FB /* shaders */ = {isa = PBXFileReference; lastKnownFileType = folder; name = shaders; path = ../../../../assets/shaders; sourceTree = "<group>"; };
		CA4E25382205E85F005190FB /* images */ = {isa = PBXFileReference; lastKnownFileType = folder; name = images; path = ../../../../assets/images; sourceTree = "<group>"; };
		CA676CFA217A2E8F0098A888 /* Assets.xcassets */ = {isa = PBXFileReference; lastKnownFileType = folder.assetcatalog; path = Assets.xcassets; sourceTree = "<group>"; };
		CA676CFF217A2E8F0098A888 /* Viewer.app */ = {isa = PBXFileReference; explicitFileType = wrapper.application; includeInIndex = 0; path = Viewer.app; sourceTree = BUILT_PRODUCTS_DIR; };
		CA676D02217A2E8F0098A888 /* AppDelegate.h */ = {isa = PBXFileReference; lastKnownFileType = sourcecode.c.h; path = AppDelegate.h; sourceTree = "<group>"; };
		CA676D03217A2E8F0098A888 /* AppDelegate.m */ = {isa = PBXFileReference; lastKnownFileType = sourcecode.c.objc; path = AppDelegate.m; sourceTree = "<group>"; };
		CA676D05217A2E8F0098A888 /* GameViewController.h */ = {isa = PBXFileReference; lastKnownFileType = sourcecode.c.h; path = GameViewController.h; sourceTree = "<group>"; };
		CA676D06217A2E8F0098A888 /* GameViewController.mm */ = {isa = PBXFileReference; lastKnownFileType = sourcecode.cpp.objcpp; path = GameViewController.mm; sourceTree = "<group>"; };
		CA676D09217A2E8F0098A888 /* Base */ = {isa = PBXFileReference; lastKnownFileType = file.storyboard; name = Base; path = Base.lproj/Main.storyboard; sourceTree = "<group>"; };
		CA676D0C217A2E8F0098A888 /* Base */ = {isa = PBXFileReference; lastKnownFileType = file.storyboard; name = Base; path = Base.lproj/LaunchScreen.storyboard; sourceTree = "<group>"; };
		CA676D0E217A2E8F0098A888 /* Info.plist */ = {isa = PBXFileReference; lastKnownFileType = text.plist.xml; path = Info.plist; sourceTree = "<group>"; };
		CA676D0F217A2E900098A888 /* main.m */ = {isa = PBXFileReference; lastKnownFileType = sourcecode.c.objc; path = main.m; sourceTree = "<group>"; };
		CA676D15217A2E900098A888 /* Viewer.app */ = {isa = PBXFileReference; explicitFileType = wrapper.application; includeInIndex = 0; path = Viewer.app; sourceTree = BUILT_PRODUCTS_DIR; };
		CA676D17217A2E900098A888 /* AppDelegate.h */ = {isa = PBXFileReference; lastKnownFileType = sourcecode.c.h; path = AppDelegate.h; sourceTree = "<group>"; };
		CA676D18217A2E900098A888 /* AppDelegate.m */ = {isa = PBXFileReference; lastKnownFileType = sourcecode.c.objc; path = AppDelegate.m; sourceTree = "<group>"; };
		CA676D1A217A2E900098A888 /* GameViewController.h */ = {isa = PBXFileReference; lastKnownFileType = sourcecode.c.h; path = GameViewController.h; sourceTree = "<group>"; };
		CA676D1B217A2E900098A888 /* GameViewController.mm */ = {isa = PBXFileReference; lastKnownFileType = sourcecode.cpp.objcpp; path = GameViewController.mm; sourceTree = "<group>"; };
		CA676D1E217A2E900098A888 /* Base */ = {isa = PBXFileReference; lastKnownFileType = file.storyboard; name = Base; path = Base.lproj/Main.storyboard; sourceTree = "<group>"; };
		CA676D20217A2E900098A888 /* Info.plist */ = {isa = PBXFileReference; lastKnownFileType = text.plist.xml; path = Info.plist; sourceTree = "<group>"; };
		CA676D21217A2E900098A888 /* main.m */ = {isa = PBXFileReference; lastKnownFileType = sourcecode.c.objc; path = main.m; sourceTree = "<group>"; };
		CA6AAA6E217B567D005A0CDF /* libc++.tbd */ = {isa = PBXFileReference; lastKnownFileType = "sourcecode.text-based-dylib-definition"; name = "libc++.tbd"; path = "Platforms/iPhoneOS.platform/Developer/SDKs/iPhoneOS11.4.sdk/usr/lib/libc++.tbd"; sourceTree = DEVELOPER_DIR; };
		CA6AAA70217B568B005A0CDF /* libc++.tbd */ = {isa = PBXFileReference; lastKnownFileType = "sourcecode.text-based-dylib-definition"; name = "libc++.tbd"; path = "usr/lib/libc++.tbd"; sourceTree = SDKROOT; };
		CA6AAA72217B580E005A0CDF /* libpthread.tbd */ = {isa = PBXFileReference; lastKnownFileType = "sourcecode.text-based-dylib-definition"; name = libpthread.tbd; path = usr/lib/libpthread.tbd; sourceTree = SDKROOT; };
		CA9A2CAA21A811DD005FE302 /* ScenePrintPretty.cpp */ = {isa = PBXFileReference; fileEncoding = 4; lastKnownFileType = sourcecode.cpp.cpp; name = ScenePrintPretty.cpp; path = ../../src/viewer/ScenePrintPretty.cpp; sourceTree = SOURCE_ROOT; };
		CA9A4ABB217DC752007E4D21 /* NuklearRendererBase.cpp */ = {isa = PBXFileReference; fileEncoding = 4; lastKnownFileType = sourcecode.cpp.cpp; name = NuklearRendererBase.cpp; path = ../../src/viewer/NuklearRendererBase.cpp; sourceTree = SOURCE_ROOT; };
		CA9A4ABC217DC752007E4D21 /* ViewerAppShellFactory.cpp */ = {isa = PBXFileReference; fileEncoding = 4; lastKnownFileType = sourcecode.cpp.cpp; name = ViewerAppShellFactory.cpp; path = ../../src/viewer/ViewerAppShellFactory.cpp; sourceTree = SOURCE_ROOT; };
		CA9A4AD0217DC94F007E4D21 /* QueuePools.Vulkan.cpp */ = {isa = PBXFileReference; fileEncoding = 4; lastKnownFileType = sourcecode.cpp.cpp; name = QueuePools.Vulkan.cpp; path = ../../src/apemode/vk/QueuePools.Vulkan.cpp; sourceTree = SOURCE_ROOT; };
		CABD23E6217B0BF20056A686 /* AppState.cpp */ = {isa = PBXFileReference; fileEncoding = 4; lastKnownFileType = sourcecode.cpp.cpp; name = AppState.cpp; path = ../../src/apemode/platform/AppState.cpp; sourceTree = SOURCE_ROOT; };
		CABD23E7217B0BF20056A686 /* CityHash.cpp */ = {isa = PBXFileReference; fileEncoding = 4; lastKnownFileType = sourcecode.cpp.cpp; name = CityHash.cpp; path = ../../src/apemode/platform/CityHash.cpp; sourceTree = SOURCE_ROOT; };
		CABD23EE217B0F180056A686 /* MemoryManager.cpp */ = {isa = PBXFileReference; fileEncoding = 4; lastKnownFileType = sourcecode.cpp.cpp; name = MemoryManager.cpp; path = ../../src/apemode/platform/memory/MemoryManager.cpp; sourceTree = SOURCE_ROOT; };
		CABD2401217B38290056A686 /* MoltenVK.framework */ = {isa = PBXFileReference; explicitFileType = wrapper.framework; path = MoltenVK.framework; sourceTree = BUILT_PRODUCTS_DIR; };
		CABD2403217B38290056A686 /* MoltenVK.framework */ = {isa = PBXFileReference; explicitFileType = wrapper.framework; path = MoltenVK.framework; sourceTree = BUILT_PRODUCTS_DIR; };
		CABD2405217B38290056A686 /* IOSurface.framework */ = {isa = PBXFileReference; lastKnownFileType = wrapper.framework; name = IOSurface.framework; path = Platforms/iPhoneOS.platform/Developer/SDKs/iPhoneOS11.4.sdk/System/Library/Frameworks/IOSurface.framework; sourceTree = DEVELOPER_DIR; };
		CABD2406217B38290056A686 /* Metal.framework */ = {isa = PBXFileReference; lastKnownFileType = wrapper.framework; name = Metal.framework; path = Platforms/iPhoneOS.platform/Developer/SDKs/iPhoneOS11.4.sdk/System/Library/Frameworks/Metal.framework; sourceTree = DEVELOPER_DIR; };
		CABD2416217B3B840056A686 /* MoltenVK.framework */ = {isa = PBXFileReference; explicitFileType = wrapper.framework; path = MoltenVK.framework; sourceTree = BUILT_PRODUCTS_DIR; };
		CABD2418217B3B840056A686 /* MoltenVK.framework */ = {isa = PBXFileReference; explicitFileType = wrapper.framework; path = MoltenVK.framework; sourceTree = BUILT_PRODUCTS_DIR; };
		CABD241A217B3B9A0056A686 /* QuartzCore.framework */ = {isa = PBXFileReference; lastKnownFileType = wrapper.framework; name = QuartzCore.framework; path = System/Library/Frameworks/QuartzCore.framework; sourceTree = SDKROOT; };
		CABD241B217B3B9A0056A686 /* Metal.framework */ = {isa = PBXFileReference; lastKnownFileType = wrapper.framework; name = Metal.framework; path = System/Library/Frameworks/Metal.framework; sourceTree = SDKROOT; };
		CABD241F217B3E030056A686 /* Swapchain.Vulkan.cpp */ = {isa = PBXFileReference; fileEncoding = 4; lastKnownFileType = sourcecode.cpp.cpp; name = Swapchain.Vulkan.cpp; path = ../../src/apemode/vk/Swapchain.Vulkan.cpp; sourceTree = SOURCE_ROOT; };
		CABD2420217B3E030056A686 /* DescriptorPool.Vulkan.cpp */ = {isa = PBXFileReference; fileEncoding = 4; lastKnownFileType = sourcecode.cpp.cpp; name = DescriptorPool.Vulkan.cpp; path = ../../src/apemode/vk/DescriptorPool.Vulkan.cpp; sourceTree = SOURCE_ROOT; };
		CABD2421217B3E030056A686 /* BufferPools.Vulkan.cpp */ = {isa = PBXFileReference; fileEncoding = 4; lastKnownFileType = sourcecode.cpp.cpp; name = BufferPools.Vulkan.cpp; path = ../../src/apemode/vk/BufferPools.Vulkan.cpp; sourceTree = SOURCE_ROOT; };
		CABD2422217B3E030056A686 /* GraphicsManager.Vulkan.cpp */ = {isa = PBXFileReference; fileEncoding = 4; lastKnownFileType = sourcecode.cpp.cpp; name = GraphicsManager.Vulkan.cpp; path = ../../src/apemode/vk/GraphicsManager.Vulkan.cpp; sourceTree = SOURCE_ROOT; };
		CABD2423217B3E030056A686 /* AssetManager.cpp */ = {isa = PBXFileReference; fileEncoding = 4; lastKnownFileType = sourcecode.cpp.cpp; name = AssetManager.cpp; path = ../../src/apemode/platform/shared/AssetManager.cpp; sourceTree = SOURCE_ROOT; };
		CABD2424217B3E030056A686 /* CityHash.Vulkan.cpp */ = {isa = PBXFileReference; fileEncoding = 4; lastKnownFileType = sourcecode.cpp.cpp; name = CityHash.Vulkan.cpp; path = ../../src/apemode/vk/CityHash.Vulkan.cpp; sourceTree = SOURCE_ROOT; };
		CABD2425217B3E030056A686 /* GraphicsDevice.Vulkan.cpp */ = {isa = PBXFileReference; fileEncoding = 4; lastKnownFileType = sourcecode.cpp.cpp; name = GraphicsDevice.Vulkan.cpp; path = ../../src/apemode/vk/GraphicsDevice.Vulkan.cpp; sourceTree = SOURCE_ROOT; };
		CABD2434217B3F440056A686 /* AppSurface.Vulkan.cpp */ = {isa = PBXFileReference; fileEncoding = 4; lastKnownFileType = sourcecode.cpp.cpp; name = AppSurface.Vulkan.cpp; path = ../../src/apemode/vk_ext/AppSurface.Vulkan.cpp; sourceTree = SOURCE_ROOT; };
		CABD2435217B3F440056A686 /* ImageUploader.Vulkan.cpp */ = {isa = PBXFileReference; fileEncoding = 4; lastKnownFileType = sourcecode.cpp.cpp; name = ImageUploader.Vulkan.cpp; path = ../../src/apemode/vk_ext/ImageUploader.Vulkan.cpp; sourceTree = SOURCE_ROOT; };
		CABD2436217B3F450056A686 /* SamplerManager.Vulkan.cpp */ = {isa = PBXFileReference; fileEncoding = 4; lastKnownFileType = sourcecode.cpp.cpp; name = SamplerManager.Vulkan.cpp; path = ../../src/apemode/vk_ext/SamplerManager.Vulkan.cpp; sourceTree = SOURCE_ROOT; };
		CABD243F217B43A60056A686 /* NuklearRendererVk.cpp */ = {isa = PBXFileReference; fileEncoding = 4; lastKnownFileType = sourcecode.cpp.cpp; name = NuklearRendererVk.cpp; path = ../../src/viewer/vk/NuklearRendererVk.cpp; sourceTree = SOURCE_ROOT; };
		CABD2440217B43A60056A686 /* DebugRendererVk.cpp */ = {isa = PBXFileReference; fileEncoding = 4; lastKnownFileType = sourcecode.cpp.cpp; name = DebugRendererVk.cpp; path = ../../src/viewer/vk/DebugRendererVk.cpp; sourceTree = SOURCE_ROOT; };
		CABD2441217B43A60056A686 /* SceneRendererVk.cpp */ = {isa = PBXFileReference; fileEncoding = 4; lastKnownFileType = sourcecode.cpp.cpp; name = SceneRendererVk.cpp; path = ../../src/viewer/vk/SceneRendererVk.cpp; sourceTree = SOURCE_ROOT; };
		CABD2442217B43A60056A686 /* SceneUploaderVk.cpp */ = {isa = PBXFileReference; fileEncoding = 4; lastKnownFileType = sourcecode.cpp.cpp; name = SceneUploaderVk.cpp; path = ../../src/viewer/vk/SceneUploaderVk.cpp; sourceTree = SOURCE_ROOT; };
		CABD2443217B43A60056A686 /* ViewerShellVk.cpp */ = {isa = PBXFileReference; fileEncoding = 4; lastKnownFileType = sourcecode.cpp.cpp; name = ViewerShellVk.cpp; path = ../../src/viewer/vk/ViewerShellVk.cpp; sourceTree = SOURCE_ROOT; };
		CABD2444217B43A60056A686 /* SkyboxRendererVk.cpp */ = {isa = PBXFileReference; fileEncoding = 4; lastKnownFileType = sourcecode.cpp.cpp; name = SkyboxRendererVk.cpp; path = ../../src/viewer/vk/SkyboxRendererVk.cpp; sourceTree = SOURCE_ROOT; };
		CABD2457217B43EB0056A686 /* Scene.cpp */ = {isa = PBXFileReference; fileEncoding = 4; lastKnownFileType = sourcecode.cpp.cpp; name = Scene.cpp; path = ../../src/viewer/Scene.cpp; sourceTree = SOURCE_ROOT; };
		CABD245A217B44BE0056A686 /* MoltenVK.framework */ = {isa = PBXFileReference; explicitFileType = wrapper.framework; path = MoltenVK.framework; sourceTree = BUILT_PRODUCTS_DIR; };
/* End PBXFileReference section */

/* Begin PBXFrameworksBuildPhase section */
		CA676CFC217A2E8F0098A888 /* Frameworks */ = {
			isa = PBXFrameworksBuildPhase;
			buildActionMask = 2147483647;
			files = (
				CA6AAA6F217B567D005A0CDF /* libc++.tbd in Frameworks */,
				CABD245B217B44BE0056A686 /* MoltenVK.framework in Frameworks */,
				CABD2407217B38290056A686 /* IOSurface.framework in Frameworks */,
				CABD2408217B38290056A686 /* Metal.framework in Frameworks */,
			);
			runOnlyForDeploymentPostprocessing = 0;
		};
		CA676D12217A2E900098A888 /* Frameworks */ = {
			isa = PBXFrameworksBuildPhase;
			buildActionMask = 2147483647;
			files = (
				CA6AAA73217B580E005A0CDF /* libpthread.tbd in Frameworks */,
				CA6AAA71217B568B005A0CDF /* libc++.tbd in Frameworks */,
				CABD245C217B44CC0056A686 /* MoltenVK.framework in Frameworks */,
				CABD241C217B3B9A0056A686 /* QuartzCore.framework in Frameworks */,
				CABD241D217B3B9A0056A686 /* Metal.framework in Frameworks */,
			);
			runOnlyForDeploymentPostprocessing = 0;
		};
/* End PBXFrameworksBuildPhase section */

/* Begin PBXGroup section */
		CA4D1436220082A6004A0A2B /* draco */ = {
			isa = PBXGroup;
			children = (
				CA4D14C4220087D1004A0A2B /* dynamic_integer_points_kd_tree_decoder.cc */,
				CA4D14C8220087D2004A0A2B /* float_points_tree_decoder.cc */,
				CA4D14C6220087D2004A0A2B /* integer_points_kd_tree_decoder.cc */,
				CA4D14CA220087D2004A0A2B /* mesh_edgebreaker_decoder_impl.cc */,
				CA4D14C7220087D2004A0A2B /* shannon_entropy.cc */,
				CA4D14C9220087D2004A0A2B /* symbol_decoding.cc */,
				CA4D1453220085C1004A0A2B /* adaptive_rans_bit_decoder.cc */,
				CA4D145A220085C1004A0A2B /* attributes_decoder.cc */,
				CA4D145F220085C2004A0A2B /* bit_utils.cc */,
				CA4D1464220085C2004A0A2B /* bounding_box.cc */,
				CA4D146D220085C3004A0A2B /* corner_table.cc */,
				CA4D1468220085C3004A0A2B /* cycle_timer.cc */,
				CA4D1467220085C2004A0A2B /* data_buffer.cc */,
				CA4D1451220085C1004A0A2B /* decode.cc */,
				CA4D146A220085C3004A0A2B /* decoder_buffer.cc */,
				CA4D1452220085C1004A0A2B /* direct_bit_decoder.cc */,
				CA4D1463220085C2004A0A2B /* divide.cc */,
				CA4D1460220085C2004A0A2B /* draco_types.cc */,
				CA4D145B220085C1004A0A2B /* geometry_metadata.cc */,
				CA4D1470220085C3004A0A2B /* hash_utils.cc */,
				CA4D146E220085C3004A0A2B /* kd_tree_attributes_decoder.cc */,
				CA4D1454220085C1004A0A2B /* keyframe_animation_decoder.cc */,
				CA4D144A220085C0004A0A2B /* keyframe_animation.cc */,
				CA4D1462220085C2004A0A2B /* mesh_are_equivalent.cc */,
				CA4D145D220085C1004A0A2B /* mesh_attribute_corner_table.cc */,
				CA4D1471220085C3004A0A2B /* mesh_cleanup.cc */,
				CA4D146F220085C3004A0A2B /* mesh_decoder.cc */,
				CA4D1465220085C2004A0A2B /* mesh_edgebreaker_decoder.cc */,
				CA4D1449220085C0004A0A2B /* mesh_misc_functions.cc */,
				CA4D144B220085C0004A0A2B /* mesh_sequential_decoder.cc */,
				CA4D146C220085C3004A0A2B /* mesh_stripifier.cc */,
				CA4D1450220085C0004A0A2B /* mesh.cc */,
				CA4D1455220085C1004A0A2B /* metadata_decoder.cc */,
				CA4D1456220085C1004A0A2B /* metadata.cc */,
				CA4D1466220085C2004A0A2B /* options.cc */,
				CA4D145C220085C1004A0A2B /* point_cloud_decoder.cc */,
				CA4D1461220085C2004A0A2B /* point_cloud_kd_tree_decoder.cc */,
				CA4D144C220085C0004A0A2B /* point_cloud_sequential_decoder.cc */,
				CA4D1457220085C1004A0A2B /* point_cloud.cc */,
				CA4D146B220085C3004A0A2B /* quantization_utils.cc */,
				CA4D1469220085C3004A0A2B /* rans_bit_decoder.cc */,
				CA4D1458220085C1004A0A2B /* sequential_attribute_decoder.cc */,
				CA4D144D220085C0004A0A2B /* sequential_attribute_decoders_controller.cc */,
				CA4D144E220085C0004A0A2B /* sequential_integer_attribute_decoder.cc */,
				CA4D1459220085C1004A0A2B /* sequential_normal_attribute_decoder.cc */,
				CA4D144F220085C0004A0A2B /* sequential_quantization_attribute_decoder.cc */,
				CA4D145E220085C2004A0A2B /* symbol_bit_decoder.cc */,
				CA4D143D22008409004A0A2B /* attribute_octahedron_transform.cc */,
				CA4D143A22008409004A0A2B /* attribute_quantization_transform.cc */,
				CA4D143C22008409004A0A2B /* attribute_transform.cc */,
				CA4D143E22008409004A0A2B /* geometry_attribute.cc */,
				CA4D143B22008409004A0A2B /* point_attribute.cc */,
			);
			name = draco;
			path = "Viewer Shared/Viewer/draco";
			sourceTree = SOURCE_ROOT;
		};
		CA4E25352205E808005190FB /* Assets */ = {
			isa = PBXGroup;
			children = (
				CA4E25362205E85F005190FB /* fonts */,
				CA4E25382205E85F005190FB /* images */,
				CA4E25372205E85F005190FB /* shaders */,
			);
			name = Assets;
			path = "Viewer Shared/Assets";
			sourceTree = SOURCE_ROOT;
		};
		CA676CF0217A2E780098A888 = {
			isa = PBXGroup;
			children = (
				CABD23F7217B37BE0056A686 /* Frameworks */,
				CA676D00217A2E8F0098A888 /* Products */,
				CA676D01217A2E8F0098A888 /* Viewer iOS */,
				CA676D16217A2E900098A888 /* Viewer macOS */,
				CA676CF5217A2E7A0098A888 /* Viewer Shared */,
			);
			sourceTree = "<group>";
		};
		CA676CF5217A2E7A0098A888 /* Viewer Shared */ = {
			isa = PBXGroup;
			children = (
				CABD243D217B43830056A686 /* Viewer */,
				CABD241E217B3DC50056A686 /* ApemodeVulkan */,
				CABD23E4217B0B9F0056A686 /* ApemodePlatform */,
				CA676CFA217A2E8F0098A888 /* Assets.xcassets */,
				CA4E25352205E808005190FB /* Assets */,
			);
			path = "Viewer Shared";
			sourceTree = SOURCE_ROOT;
		};
		CA676D00217A2E8F0098A888 /* Products */ = {
			isa = PBXGroup;
			children = (
				CA676CFF217A2E8F0098A888 /* Viewer.app */,
				CA676D15217A2E900098A888 /* Viewer.app */,
			);
			name = Products;
			sourceTree = "<group>";
		};
		CA676D01217A2E8F0098A888 /* Viewer iOS */ = {
			isa = PBXGroup;
			children = (
				CA676D02217A2E8F0098A888 /* AppDelegate.h */,
				CA676D03217A2E8F0098A888 /* AppDelegate.m */,
				CA676D05217A2E8F0098A888 /* GameViewController.h */,
				CA676D06217A2E8F0098A888 /* GameViewController.mm */,
				CA676D08217A2E8F0098A888 /* Main.storyboard */,
				CA676D0B217A2E8F0098A888 /* LaunchScreen.storyboard */,
				CA676D0E217A2E8F0098A888 /* Info.plist */,
				CA676D0F217A2E900098A888 /* main.m */,
			);
			path = "Viewer iOS";
			sourceTree = "<group>";
		};
		CA676D16217A2E900098A888 /* Viewer macOS */ = {
			isa = PBXGroup;
			children = (
				CA676D17217A2E900098A888 /* AppDelegate.h */,
				CA676D18217A2E900098A888 /* AppDelegate.m */,
				CA676D1A217A2E900098A888 /* GameViewController.h */,
				CA676D1B217A2E900098A888 /* GameViewController.mm */,
				CA676D1D217A2E900098A888 /* Main.storyboard */,
				CA676D20217A2E900098A888 /* Info.plist */,
				CA676D21217A2E900098A888 /* main.m */,
			);
			path = "Viewer macOS";
			sourceTree = "<group>";
		};
		CABD23E4217B0B9F0056A686 /* ApemodePlatform */ = {
			isa = PBXGroup;
			children = (
				CABD23EE217B0F180056A686 /* MemoryManager.cpp */,
				CABD23E6217B0BF20056A686 /* AppState.cpp */,
				CABD23E7217B0BF20056A686 /* CityHash.cpp */,
			);
			name = ApemodePlatform;
			path = "Viewer Shared/ApemodePlatform";
			sourceTree = SOURCE_ROOT;
		};
		CABD23F7217B37BE0056A686 /* Frameworks */ = {
			isa = PBXGroup;
			children = (
				CA6AAA72217B580E005A0CDF /* libpthread.tbd */,
				CA6AAA6E217B567D005A0CDF /* libc++.tbd */,
				CA6AAA70217B568B005A0CDF /* libc++.tbd */,
				CABD245A217B44BE0056A686 /* MoltenVK.framework */,
				CABD241B217B3B9A0056A686 /* Metal.framework */,
				CABD241A217B3B9A0056A686 /* QuartzCore.framework */,
				CABD2416217B3B840056A686 /* MoltenVK.framework */,
				CABD2418217B3B840056A686 /* MoltenVK.framework */,
				CABD2405217B38290056A686 /* IOSurface.framework */,
				CABD2406217B38290056A686 /* Metal.framework */,
				CABD2401217B38290056A686 /* MoltenVK.framework */,
				CABD2403217B38290056A686 /* MoltenVK.framework */,
			);
			name = Frameworks;
			sourceTree = "<group>";
		};
		CABD241E217B3DC50056A686 /* ApemodeVulkan */ = {
			isa = PBXGroup;
			children = (
				CA9A4AD0217DC94F007E4D21 /* QueuePools.Vulkan.cpp */,
				CABD2434217B3F440056A686 /* AppSurface.Vulkan.cpp */,
				CABD2435217B3F440056A686 /* ImageUploader.Vulkan.cpp */,
				CABD2436217B3F450056A686 /* SamplerManager.Vulkan.cpp */,
				CABD2421217B3E030056A686 /* BufferPools.Vulkan.cpp */,
				CABD2424217B3E030056A686 /* CityHash.Vulkan.cpp */,
				CABD2420217B3E030056A686 /* DescriptorPool.Vulkan.cpp */,
				CABD2425217B3E030056A686 /* GraphicsDevice.Vulkan.cpp */,
				CABD2422217B3E030056A686 /* GraphicsManager.Vulkan.cpp */,
				CABD2423217B3E030056A686 /* AssetManager.cpp */,
				CABD241F217B3E030056A686 /* Swapchain.Vulkan.cpp */,
			);
			name = ApemodeVulkan;
			path = "Viewer Shared/ApemodeVulkan";
			sourceTree = SOURCE_ROOT;
		};
		CABD243D217B43830056A686 /* Viewer */ = {
			isa = PBXGroup;
			children = (
				CA4D1436220082A6004A0A2B /* draco */,
				CA9A2CAA21A811DD005FE302 /* ScenePrintPretty.cpp */,
				CA9A4ABB217DC752007E4D21 /* NuklearRendererBase.cpp */,
				CA9A4ABC217DC752007E4D21 /* ViewerAppShellFactory.cpp */,
				CABD2457217B43EB0056A686 /* Scene.cpp */,
				CABD243E217B438B0056A686 /* vk */,
			);
			name = Viewer;
			path = "Viewer Shared/Viewer";
			sourceTree = SOURCE_ROOT;
		};
		CABD243E217B438B0056A686 /* vk */ = {
			isa = PBXGroup;
			children = (
				CABD2440217B43A60056A686 /* DebugRendererVk.cpp */,
				CABD243F217B43A60056A686 /* NuklearRendererVk.cpp */,
				CABD2441217B43A60056A686 /* SceneRendererVk.cpp */,
				CABD2442217B43A60056A686 /* SceneUploaderVk.cpp */,
				CABD2444217B43A60056A686 /* SkyboxRendererVk.cpp */,
				CABD2443217B43A60056A686 /* ViewerShellVk.cpp */,
			);
			path = vk;
			sourceTree = SOURCE_ROOT;
		};
/* End PBXGroup section */

/* Begin PBXNativeTarget section */
		CA676CFE217A2E8F0098A888 /* Viewer iOS */ = {
			isa = PBXNativeTarget;
			buildConfigurationList = CA676D2B217A2E900098A888 /* Build configuration list for PBXNativeTarget "Viewer iOS" */;
			buildPhases = (
				CA676CFB217A2E8F0098A888 /* Sources */,
				CA676CFC217A2E8F0098A888 /* Frameworks */,
				CA676CFD217A2E8F0098A888 /* Resources */,
			);
			buildRules = (
			);
			dependencies = (
			);
			name = "Viewer iOS";
			productName = "Viewer iOS";
			productReference = CA676CFF217A2E8F0098A888 /* Viewer.app */;
			productType = "com.apple.product-type.application";
		};
		CA676D14217A2E900098A888 /* Viewer macOS */ = {
			isa = PBXNativeTarget;
			buildConfigurationList = CA676D2E217A2E900098A888 /* Build configuration list for PBXNativeTarget "Viewer macOS" */;
			buildPhases = (
				CA676D11217A2E900098A888 /* Sources */,
				CA676D12217A2E900098A888 /* Frameworks */,
				CA676D13217A2E900098A888 /* Resources */,
			);
			buildRules = (
			);
			dependencies = (
			);
			name = "Viewer macOS";
			productName = "Viewer macOS";
			productReference = CA676D15217A2E900098A888 /* Viewer.app */;
			productType = "com.apple.product-type.application";
		};
/* End PBXNativeTarget section */

/* Begin PBXProject section */
		CA676CF1217A2E780098A888 /* Project object */ = {
			isa = PBXProject;
			attributes = {
				LastUpgradeCheck = 0940;
				ORGANIZATIONNAME = "Vlad Serhiienko";
				TargetAttributes = {
					CA676CFE217A2E8F0098A888 = {
						CreatedOnToolsVersion = 9.4.1;
					};
					CA676D14217A2E900098A888 = {
						CreatedOnToolsVersion = 9.4.1;
					};
				};
			};
			buildConfigurationList = CA676CF4217A2E780098A888 /* Build configuration list for PBXProject "Viewer" */;
			compatibilityVersion = "Xcode 9.3";
			developmentRegion = en;
			hasScannedForEncodings = 0;
			knownRegions = (
				en,
				Base,
			);
			mainGroup = CA676CF0217A2E780098A888;
			productRefGroup = CA676D00217A2E8F0098A888 /* Products */;
			projectDirPath = "";
			projectRoot = "";
			targets = (
				CA676CFE217A2E8F0098A888 /* Viewer iOS */,
				CA676D14217A2E900098A888 /* Viewer macOS */,
			);
		};
/* End PBXProject section */

/* Begin PBXResourcesBuildPhase section */
		CA676CFD217A2E8F0098A888 /* Resources */ = {
			isa = PBXResourcesBuildPhase;
			buildActionMask = 2147483647;
			files = (
				CA4E253D2205E85F005190FB /* images in Resources */,
				CA676D0A217A2E8F0098A888 /* Main.storyboard in Resources */,
				CA676D27217A2E900098A888 /* Assets.xcassets in Resources */,
				CA676D0D217A2E8F0098A888 /* LaunchScreen.storyboard in Resources */,
				CA4E253B2205E85F005190FB /* shaders in Resources */,
				CA4E25392205E85F005190FB /* fonts in Resources */,
			);
			runOnlyForDeploymentPostprocessing = 0;
		};
		CA676D13217A2E900098A888 /* Resources */ = {
			isa = PBXResourcesBuildPhase;
			buildActionMask = 2147483647;
			files = (
				CA4E253E2205E85F005190FB /* images in Resources */,
				CA4E253A2205E85F005190FB /* fonts in Resources */,
				CA4E253C2205E85F005190FB /* shaders in Resources */,
				CA676D28217A2E900098A888 /* Assets.xcassets in Resources */,
				CA676D1F217A2E900098A888 /* Main.storyboard in Resources */,
			);
			runOnlyForDeploymentPostprocessing = 0;
		};
/* End PBXResourcesBuildPhase section */

/* Begin PBXSourcesBuildPhase section */
		CA676CFB217A2E8F0098A888 /* Sources */ = {
			isa = PBXSourcesBuildPhase;
			buildActionMask = 2147483647;
			files = (
				CABD2447217B43A60056A686 /* DebugRendererVk.cpp in Sources */,
				CABD244D217B43A60056A686 /* ViewerShellVk.cpp in Sources */,
				CA1675D0220B0440006672C4 /* SceneUploaderVk.cpp in Sources */,
				CA167633220B0453006672C4 /* sequential_quantization_attribute_decoder.cc in Sources */,
				CA167615220B0453006672C4 /* direct_bit_decoder.cc in Sources */,
				CABD2439217B3F450056A686 /* ImageUploader.Vulkan.cpp in Sources */,
				CA676D07217A2E8F0098A888 /* GameViewController.mm in Sources */,
				CA167607220B0453006672C4 /* float_points_tree_decoder.cc in Sources */,
				CABD2430217B3E030056A686 /* CityHash.Vulkan.cpp in Sources */,
				CA167635220B0453006672C4 /* attribute_octahedron_transform.cc in Sources */,
				CA167628220B0453006672C4 /* options.cc in Sources */,
				CA167608220B0453006672C4 /* integer_points_kd_tree_decoder.cc in Sources */,
				CA16762B220B0453006672C4 /* point_cloud_sequential_decoder.cc in Sources */,
				CA167620220B0453006672C4 /* mesh_decoder.cc in Sources */,
				CA167630220B0453006672C4 /* sequential_attribute_decoders_controller.cc in Sources */,
				CA167634220B0453006672C4 /* symbol_bit_decoder.cc in Sources */,
				CA167632220B0453006672C4 /* sequential_normal_attribute_decoder.cc in Sources */,
				CA167629220B0453006672C4 /* point_cloud_decoder.cc in Sources */,
				CABD2458217B43EB0056A686 /* Scene.cpp in Sources */,
				CA16760F220B0453006672C4 /* bounding_box.cc in Sources */,
				CABD23EC217B0BF20056A686 /* CityHash.cpp in Sources */,
				CA167626220B0453006672C4 /* metadata_decoder.cc in Sources */,
				CA16761C220B0453006672C4 /* keyframe_animation.cc in Sources */,
				CABD243B217B3F450056A686 /* SamplerManager.Vulkan.cpp in Sources */,
				CA167619220B0453006672C4 /* hash_utils.cc in Sources */,
				CA16762C220B0453006672C4 /* point_cloud.cc in Sources */,
				CA16760E220B0453006672C4 /* bit_utils.cc in Sources */,
				CA16760A220B0453006672C4 /* shannon_entropy.cc in Sources */,
				CA167639220B0453006672C4 /* point_attribute.cc in Sources */,
				CA167637220B0453006672C4 /* attribute_transform.cc in Sources */,
				CA167636220B0453006672C4 /* attribute_quantization_transform.cc in Sources */,
				CA167622220B0453006672C4 /* mesh_misc_functions.cc in Sources */,
				CA16761D220B0453006672C4 /* mesh_are_equivalent.cc in Sources */,
				CA167613220B0453006672C4 /* decode.cc in Sources */,
				CA16761B220B0453006672C4 /* keyframe_animation_decoder.cc in Sources */,
				CA9A4ABD217DC752007E4D21 /* NuklearRendererBase.cpp in Sources */,
				CA16761E220B0453006672C4 /* mesh_attribute_corner_table.cc in Sources */,
				CA167614220B0453006672C4 /* decoder_buffer.cc in Sources */,
				CA16762E220B0453006672C4 /* rans_bit_decoder.cc in Sources */,
				CA167624220B0453006672C4 /* mesh_stripifier.cc in Sources */,
				CA167625220B0453006672C4 /* mesh.cc in Sources */,
				CA9A2CAB21A811DE005FE302 /* ScenePrintPretty.cpp in Sources */,
				CA676D10217A2E900098A888 /* main.m in Sources */,
				CA167609220B0453006672C4 /* mesh_edgebreaker_decoder_impl.cc in Sources */,
				CABD242C217B3E030056A686 /* GraphicsManager.Vulkan.cpp in Sources */,
				CABD2445217B43A60056A686 /* NuklearRendererVk.cpp in Sources */,
				CABD23EA217B0BF20056A686 /* AppState.cpp in Sources */,
				CA16762A220B0453006672C4 /* point_cloud_kd_tree_decoder.cc in Sources */,
				CA167611220B0453006672C4 /* cycle_timer.cc in Sources */,
				CA676D04217A2E8F0098A888 /* AppDelegate.m in Sources */,
				CA9A4ABF217DC752007E4D21 /* ViewerAppShellFactory.cpp in Sources */,
				CA9A4AD1217DC94F007E4D21 /* QueuePools.Vulkan.cpp in Sources */,
				CABD2428217B3E030056A686 /* DescriptorPool.Vulkan.cpp in Sources */,
				CA16762D220B0453006672C4 /* quantization_utils.cc in Sources */,
				CABD2426217B3E030056A686 /* Swapchain.Vulkan.cpp in Sources */,
				CABD2449217B43A60056A686 /* SceneRendererVk.cpp in Sources */,
				CABD242E217B3E030056A686 /* AssetManager.cpp in Sources */,
				CA16760C220B0453006672C4 /* adaptive_rans_bit_decoder.cc in Sources */,
				CABD2432217B3E030056A686 /* GraphicsDevice.Vulkan.cpp in Sources */,
				CA167631220B0453006672C4 /* sequential_integer_attribute_decoder.cc in Sources */,
				CA167618220B0453006672C4 /* geometry_metadata.cc in Sources */,
				CABD23EF217B0F180056A686 /* MemoryManager.cpp in Sources */,
				CA16760B220B0453006672C4 /* symbol_decoding.cc in Sources */,
				CABD242A217B3E030056A686 /* BufferPools.Vulkan.cpp in Sources */,
				CA16760D220B0453006672C4 /* attributes_decoder.cc in Sources */,
				CA167606220B0453006672C4 /* dynamic_integer_points_kd_tree_decoder.cc in Sources */,
				CA167610220B0453006672C4 /* corner_table.cc in Sources */,
				CA167621220B0453006672C4 /* mesh_edgebreaker_decoder.cc in Sources */,
				CA16762F220B0453006672C4 /* sequential_attribute_decoder.cc in Sources */,
				CA16761A220B0453006672C4 /* kd_tree_attributes_decoder.cc in Sources */,
				CA167612220B0453006672C4 /* data_buffer.cc in Sources */,
				CABD244F217B43A60056A686 /* SkyboxRendererVk.cpp in Sources */,
				CA16761F220B0453006672C4 /* mesh_cleanup.cc in Sources */,
				CA167616220B0453006672C4 /* divide.cc in Sources */,
				CA167627220B0453006672C4 /* metadata.cc in Sources */,
				CABD2437217B3F450056A686 /* AppSurface.Vulkan.cpp in Sources */,
				CA167623220B0453006672C4 /* mesh_sequential_decoder.cc in Sources */,
				CA167638220B0453006672C4 /* geometry_attribute.cc in Sources */,
				CA167617220B0453006672C4 /* draco_types.cc in Sources */,
			);
			runOnlyForDeploymentPostprocessing = 0;
		};
		CA676D11217A2E900098A888 /* Sources */ = {
			isa = PBXSourcesBuildPhase;
			buildActionMask = 2147483647;
			files = (
				CABD2448217B43A60056A686 /* DebugRendererVk.cpp in Sources */,
				CABD244E217B43A60056A686 /* ViewerShellVk.cpp in Sources */,
				CA1675D1220B0441006672C4 /* SceneUploaderVk.cpp in Sources */,
				CA1675FF220B0452006672C4 /* sequential_quantization_attribute_decoder.cc in Sources */,
				CA1675E1220B0452006672C4 /* direct_bit_decoder.cc in Sources */,
				CABD243A217B3F450056A686 /* ImageUploader.Vulkan.cpp in Sources */,
				CA676D1C217A2E900098A888 /* GameViewController.mm in Sources */,
				CA1675D3220B0452006672C4 /* float_points_tree_decoder.cc in Sources */,
				CABD2431217B3E030056A686 /* CityHash.Vulkan.cpp in Sources */,
				CA167601220B0452006672C4 /* attribute_octahedron_transform.cc in Sources */,
				CA1675F4220B0452006672C4 /* options.cc in Sources */,
				CA1675D4220B0452006672C4 /* integer_points_kd_tree_decoder.cc in Sources */,
				CA1675F7220B0452006672C4 /* point_cloud_sequential_decoder.cc in Sources */,
				CA1675EC220B0452006672C4 /* mesh_decoder.cc in Sources */,
				CA1675FC220B0452006672C4 /* sequential_attribute_decoders_controller.cc in Sources */,
				CA167600220B0452006672C4 /* symbol_bit_decoder.cc in Sources */,
				CA1675FE220B0452006672C4 /* sequential_normal_attribute_decoder.cc in Sources */,
				CA1675F5220B0452006672C4 /* point_cloud_decoder.cc in Sources */,
				CABD2459217B43EB0056A686 /* Scene.cpp in Sources */,
				CA1675DB220B0452006672C4 /* bounding_box.cc in Sources */,
				CABD23ED217B0BF20056A686 /* CityHash.cpp in Sources */,
				CA1675F2220B0452006672C4 /* metadata_decoder.cc in Sources */,
				CA1675E8220B0452006672C4 /* keyframe_animation.cc in Sources */,
				CABD243C217B3F450056A686 /* SamplerManager.Vulkan.cpp in Sources */,
				CA1675E5220B0452006672C4 /* hash_utils.cc in Sources */,
				CA1675F8220B0452006672C4 /* point_cloud.cc in Sources */,
				CA1675DA220B0452006672C4 /* bit_utils.cc in Sources */,
				CA1675D6220B0452006672C4 /* shannon_entropy.cc in Sources */,
				CA167605220B0452006672C4 /* point_attribute.cc in Sources */,
				CA167603220B0452006672C4 /* attribute_transform.cc in Sources */,
				CA167602220B0452006672C4 /* attribute_quantization_transform.cc in Sources */,
				CA1675EE220B0452006672C4 /* mesh_misc_functions.cc in Sources */,
				CA1675E9220B0452006672C4 /* mesh_are_equivalent.cc in Sources */,
				CA1675DF220B0452006672C4 /* decode.cc in Sources */,
				CA1675E7220B0452006672C4 /* keyframe_animation_decoder.cc in Sources */,
				CA9A4ABE217DC752007E4D21 /* NuklearRendererBase.cpp in Sources */,
				CA1675EA220B0452006672C4 /* mesh_attribute_corner_table.cc in Sources */,
				CA1675E0220B0452006672C4 /* decoder_buffer.cc in Sources */,
				CA1675FA220B0452006672C4 /* rans_bit_decoder.cc in Sources */,
				CA1675F0220B0452006672C4 /* mesh_stripifier.cc in Sources */,
				CA1675F1220B0452006672C4 /* mesh.cc in Sources */,
				CA9A2CAC21A812F0005FE302 /* ScenePrintPretty.cpp in Sources */,
				CA676D22217A2E900098A888 /* main.m in Sources */,
				CA1675D5220B0452006672C4 /* mesh_edgebreaker_decoder_impl.cc in Sources */,
				CABD242D217B3E030056A686 /* GraphicsManager.Vulkan.cpp in Sources */,
				CABD2446217B43A60056A686 /* NuklearRendererVk.cpp in Sources */,
				CABD23EB217B0BF20056A686 /* AppState.cpp in Sources */,
				CA1675F6220B0452006672C4 /* point_cloud_kd_tree_decoder.cc in Sources */,
				CA1675DD220B0452006672C4 /* cycle_timer.cc in Sources */,
				CA676D19217A2E900098A888 /* AppDelegate.m in Sources */,
				CA9A4AC0217DC752007E4D21 /* ViewerAppShellFactory.cpp in Sources */,
				CA9A4AD2217DC94F007E4D21 /* QueuePools.Vulkan.cpp in Sources */,
				CABD2429217B3E030056A686 /* DescriptorPool.Vulkan.cpp in Sources */,
				CA1675F9220B0452006672C4 /* quantization_utils.cc in Sources */,
				CABD2427217B3E030056A686 /* Swapchain.Vulkan.cpp in Sources */,
				CABD244A217B43A60056A686 /* SceneRendererVk.cpp in Sources */,
				CABD242F217B3E030056A686 /* AssetManager.cpp in Sources */,
				CA1675D8220B0452006672C4 /* adaptive_rans_bit_decoder.cc in Sources */,
				CABD2433217B3E030056A686 /* GraphicsDevice.Vulkan.cpp in Sources */,
				CA1675FD220B0452006672C4 /* sequential_integer_attribute_decoder.cc in Sources */,
				CA1675E4220B0452006672C4 /* geometry_metadata.cc in Sources */,
				CABD23F0217B0F180056A686 /* MemoryManager.cpp in Sources */,
				CA1675D7220B0452006672C4 /* symbol_decoding.cc in Sources */,
				CABD242B217B3E030056A686 /* BufferPools.Vulkan.cpp in Sources */,
				CA1675D9220B0452006672C4 /* attributes_decoder.cc in Sources */,
				CA1675D2220B0452006672C4 /* dynamic_integer_points_kd_tree_decoder.cc in Sources */,
				CA1675DC220B0452006672C4 /* corner_table.cc in Sources */,
				CA1675ED220B0452006672C4 /* mesh_edgebreaker_decoder.cc in Sources */,
				CA1675FB220B0452006672C4 /* sequential_attribute_decoder.cc in Sources */,
				CA1675E6220B0452006672C4 /* kd_tree_attributes_decoder.cc in Sources */,
				CA1675DE220B0452006672C4 /* data_buffer.cc in Sources */,
				CABD2450217B43A60056A686 /* SkyboxRendererVk.cpp in Sources */,
				CA1675EB220B0452006672C4 /* mesh_cleanup.cc in Sources */,
				CA1675E2220B0452006672C4 /* divide.cc in Sources */,
				CA1675F3220B0452006672C4 /* metadata.cc in Sources */,
				CABD2438217B3F450056A686 /* AppSurface.Vulkan.cpp in Sources */,
				CA1675EF220B0452006672C4 /* mesh_sequential_decoder.cc in Sources */,
				CA167604220B0452006672C4 /* geometry_attribute.cc in Sources */,
				CA1675E3220B0452006672C4 /* draco_types.cc in Sources */,
			);
			runOnlyForDeploymentPostprocessing = 0;
		};
/* End PBXSourcesBuildPhase section */

/* Begin PBXVariantGroup section */
		CA676D08217A2E8F0098A888 /* Main.storyboard */ = {
			isa = PBXVariantGroup;
			children = (
				CA676D09217A2E8F0098A888 /* Base */,
			);
			name = Main.storyboard;
			sourceTree = "<group>";
		};
		CA676D0B217A2E8F0098A888 /* LaunchScreen.storyboard */ = {
			isa = PBXVariantGroup;
			children = (
				CA676D0C217A2E8F0098A888 /* Base */,
			);
			name = LaunchScreen.storyboard;
			sourceTree = "<group>";
		};
		CA676D1D217A2E900098A888 /* Main.storyboard */ = {
			isa = PBXVariantGroup;
			children = (
				CA676D1E217A2E900098A888 /* Base */,
			);
			name = Main.storyboard;
			sourceTree = "<group>";
		};
/* End PBXVariantGroup section */

/* Begin XCBuildConfiguration section */
		CA676D29217A2E900098A888 /* Debug */ = {
			isa = XCBuildConfiguration;
			buildSettings = {
				ALWAYS_SEARCH_USER_PATHS = YES;
				CLANG_ANALYZER_NONNULL = YES;
				CLANG_ANALYZER_NUMBER_OBJECT_CONVERSION = YES_AGGRESSIVE;
				CLANG_CXX_LANGUAGE_STANDARD = "gnu++14";
				CLANG_CXX_LIBRARY = "libc++";
				CLANG_ENABLE_MODULES = YES;
				CLANG_ENABLE_OBJC_ARC = YES;
				CLANG_ENABLE_OBJC_WEAK = YES;
				CLANG_WARN_BLOCK_CAPTURE_AUTORELEASING = YES;
				CLANG_WARN_BOOL_CONVERSION = YES;
				CLANG_WARN_COMMA = YES;
				CLANG_WARN_CONSTANT_CONVERSION = YES;
				CLANG_WARN_DEPRECATED_OBJC_IMPLEMENTATIONS = YES;
				CLANG_WARN_DIRECT_OBJC_ISA_USAGE = YES_ERROR;
				CLANG_WARN_DOCUMENTATION_COMMENTS = YES;
				CLANG_WARN_EMPTY_BODY = YES;
				CLANG_WARN_ENUM_CONVERSION = YES;
				CLANG_WARN_INFINITE_RECURSION = YES;
				CLANG_WARN_INT_CONVERSION = YES;
				CLANG_WARN_NON_LITERAL_NULL_CONVERSION = YES;
				CLANG_WARN_OBJC_IMPLICIT_RETAIN_SELF = YES;
				CLANG_WARN_OBJC_LITERAL_CONVERSION = YES;
				CLANG_WARN_OBJC_ROOT_CLASS = YES_ERROR;
				CLANG_WARN_RANGE_LOOP_ANALYSIS = YES;
				CLANG_WARN_STRICT_PROTOTYPES = YES;
				CLANG_WARN_SUSPICIOUS_MOVE = YES;
				CLANG_WARN_UNGUARDED_AVAILABILITY = YES_AGGRESSIVE;
				CLANG_WARN_UNREACHABLE_CODE = YES;
				CLANG_WARN__DUPLICATE_METHOD_MATCH = YES;
				COPY_PHASE_STRIP = NO;
				DEBUG_INFORMATION_FORMAT = dwarf;
				ENABLE_STRICT_OBJC_MSGSEND = YES;
				ENABLE_TESTABILITY = YES;
				GCC_C_LANGUAGE_STANDARD = gnu11;
				GCC_DYNAMIC_NO_PIC = NO;
				GCC_NO_COMMON_BLOCKS = YES;
				GCC_OPTIMIZATION_LEVEL = 0;
				GCC_PREPROCESSOR_DEFINITIONS = (
					"DEBUG=1",
					"$(inherited)",
				);
				GCC_WARN_64_TO_32_BIT_CONVERSION = YES;
				GCC_WARN_ABOUT_RETURN_TYPE = YES_ERROR;
				GCC_WARN_UNDECLARED_SELECTOR = YES;
				GCC_WARN_UNINITIALIZED_AUTOS = YES_AGGRESSIVE;
				GCC_WARN_UNUSED_FUNCTION = YES;
				GCC_WARN_UNUSED_VARIABLE = YES;
				MTL_ENABLE_DEBUG_INFO = YES;
				ONLY_ACTIVE_ARCH = YES;
			};
			name = Debug;
		};
		CA676D2A217A2E900098A888 /* Release */ = {
			isa = XCBuildConfiguration;
			buildSettings = {
				ALWAYS_SEARCH_USER_PATHS = YES;
				CLANG_ANALYZER_NONNULL = YES;
				CLANG_ANALYZER_NUMBER_OBJECT_CONVERSION = YES_AGGRESSIVE;
				CLANG_CXX_LANGUAGE_STANDARD = "gnu++14";
				CLANG_CXX_LIBRARY = "libc++";
				CLANG_ENABLE_MODULES = YES;
				CLANG_ENABLE_OBJC_ARC = YES;
				CLANG_ENABLE_OBJC_WEAK = YES;
				CLANG_WARN_BLOCK_CAPTURE_AUTORELEASING = YES;
				CLANG_WARN_BOOL_CONVERSION = YES;
				CLANG_WARN_COMMA = YES;
				CLANG_WARN_CONSTANT_CONVERSION = YES;
				CLANG_WARN_DEPRECATED_OBJC_IMPLEMENTATIONS = YES;
				CLANG_WARN_DIRECT_OBJC_ISA_USAGE = YES_ERROR;
				CLANG_WARN_DOCUMENTATION_COMMENTS = YES;
				CLANG_WARN_EMPTY_BODY = YES;
				CLANG_WARN_ENUM_CONVERSION = YES;
				CLANG_WARN_INFINITE_RECURSION = YES;
				CLANG_WARN_INT_CONVERSION = YES;
				CLANG_WARN_NON_LITERAL_NULL_CONVERSION = YES;
				CLANG_WARN_OBJC_IMPLICIT_RETAIN_SELF = YES;
				CLANG_WARN_OBJC_LITERAL_CONVERSION = YES;
				CLANG_WARN_OBJC_ROOT_CLASS = YES_ERROR;
				CLANG_WARN_RANGE_LOOP_ANALYSIS = YES;
				CLANG_WARN_STRICT_PROTOTYPES = YES;
				CLANG_WARN_SUSPICIOUS_MOVE = YES;
				CLANG_WARN_UNGUARDED_AVAILABILITY = YES_AGGRESSIVE;
				CLANG_WARN_UNREACHABLE_CODE = YES;
				CLANG_WARN__DUPLICATE_METHOD_MATCH = YES;
				COPY_PHASE_STRIP = NO;
				DEBUG_INFORMATION_FORMAT = "dwarf-with-dsym";
				ENABLE_NS_ASSERTIONS = NO;
				ENABLE_STRICT_OBJC_MSGSEND = YES;
				GCC_C_LANGUAGE_STANDARD = gnu11;
				GCC_NO_COMMON_BLOCKS = YES;
				GCC_WARN_64_TO_32_BIT_CONVERSION = YES;
				GCC_WARN_ABOUT_RETURN_TYPE = YES_ERROR;
				GCC_WARN_UNDECLARED_SELECTOR = YES;
				GCC_WARN_UNINITIALIZED_AUTOS = YES_AGGRESSIVE;
				GCC_WARN_UNUSED_FUNCTION = YES;
				GCC_WARN_UNUSED_VARIABLE = YES;
				MTL_ENABLE_DEBUG_INFO = NO;
			};
			name = Release;
		};
		CA676D2C217A2E900098A888 /* Debug */ = {
			isa = XCBuildConfiguration;
			buildSettings = {
				ALWAYS_SEARCH_USER_PATHS = YES;
				ASSETCATALOG_COMPILER_APPICON_NAME = AppIcon;
				CLANG_CXX_LANGUAGE_STANDARD = "c++17";
				CODE_SIGN_IDENTITY = "iPhone Developer";
				CODE_SIGN_STYLE = Automatic;
				DEVELOPMENT_TEAM = CP4Y4M4WP5;
				GCC_PREPROCESSOR_DEFINITIONS = (
					"_LIBCPP_DISABLE_AVAILABILITY=1",
					"$(inherited)",
				);
				INFOPLIST_FILE = "Viewer iOS/Info.plist";
				IPHONEOS_DEPLOYMENT_TARGET = 11.4;
				LD_RUNPATH_SEARCH_PATHS = (
					"$(inherited)",
					"@executable_path/Frameworks",
				);
				PRODUCT_BUNDLE_IDENTIFIER = apemode.Viewer;
				PRODUCT_NAME = Viewer;
				SDKROOT = iphoneos;
				TARGETED_DEVICE_FAMILY = "1,2";
				USER_HEADER_SEARCH_PATHS = (
					$SRCROOT/../../src,
					$SRCROOT/../../src/apemode/vk_ext,
					$SRCROOT/../../src/apemode/vk,
					$SRCROOT/../../dependencies/argh,
					$SRCROOT/../../dependencies/spdlog/include,
					$SRCROOT/../../dependencies/eastl/include,
					$SRCROOT/../../dependencies/eastl/test/packages/EAAssert/include,
					$SRCROOT/../../dependencies/eastl/test/packages/EABase/include,
					$SRCROOT/../../dependencies/eastl/test/packages/EABase/include/Common,
					$SRCROOT/../../dependencies/eastl/test/packages/EAMain/include,
					$SRCROOT/../../dependencies/eastl/test/packages/EAStdC/include,
					$SRCROOT/../../dependencies/TaskScheduler/Scheduler/Include,
					$SRCROOT/../../dependencies/MoltenVK/MoltenVK/include,
					$SRCROOT/../../dependencies/VulkanMemoryAllocator/src,
					$SRCROOT/../../dependencies/gli,
					$SRCROOT/../../dependencies/gli/external,
					$SRCROOT/../../dependencies/gli/external/glm,
					$SRCROOT/../../dependencies/flatbuffers/include,
					$SRCROOT/../../dependencies/FbxPipeline/FbxPipeline/generated,
					$SRCROOT/../../dependencies/DirectXMath,
					$SRCROOT/../../dependencies/DirectXMath/Inc,
					$SRCROOT/../../dependencies/nuklear,
					$SRCROOT/../../dependencies/draco/src,
					"$SRCROOT/../../build_darwin_x86_64_appleclang_xcode/draco-prefix/src/draco-build",
					"$SRCROOT/../../dependencies/cpp-taskflow",
				);
			};
			name = Debug;
		};
		CA676D2D217A2E900098A888 /* Release */ = {
			isa = XCBuildConfiguration;
			buildSettings = {
				ALWAYS_SEARCH_USER_PATHS = YES;
				ASSETCATALOG_COMPILER_APPICON_NAME = AppIcon;
				CLANG_CXX_LANGUAGE_STANDARD = "c++17";
				CODE_SIGN_IDENTITY = "iPhone Developer";
				CODE_SIGN_STYLE = Automatic;
				DEVELOPMENT_TEAM = CP4Y4M4WP5;
				GCC_PREPROCESSOR_DEFINITIONS = (
					"_LIBCPP_DISABLE_AVAILABILITY=1",
					"$(inherited)",
				);
				INFOPLIST_FILE = "Viewer iOS/Info.plist";
				IPHONEOS_DEPLOYMENT_TARGET = 11.4;
				LD_RUNPATH_SEARCH_PATHS = (
					"$(inherited)",
					"@executable_path/Frameworks",
				);
				PRODUCT_BUNDLE_IDENTIFIER = apemode.Viewer;
				PRODUCT_NAME = Viewer;
				SDKROOT = iphoneos;
				TARGETED_DEVICE_FAMILY = "1,2";
				USER_HEADER_SEARCH_PATHS = (
					$SRCROOT/../../src,
					$SRCROOT/../../src/apemode/vk_ext,
					$SRCROOT/../../src/apemode/vk,
					$SRCROOT/../../dependencies/argh,
					$SRCROOT/../../dependencies/spdlog/include,
					$SRCROOT/../../dependencies/eastl/include,
					$SRCROOT/../../dependencies/eastl/test/packages/EAAssert/include,
					$SRCROOT/../../dependencies/eastl/test/packages/EABase/include,
					$SRCROOT/../../dependencies/eastl/test/packages/EABase/include/Common,
					$SRCROOT/../../dependencies/eastl/test/packages/EAMain/include,
					$SRCROOT/../../dependencies/eastl/test/packages/EAStdC/include,
					$SRCROOT/../../dependencies/TaskScheduler/Scheduler/Include,
					$SRCROOT/../../dependencies/MoltenVK/MoltenVK/include,
					$SRCROOT/../../dependencies/VulkanMemoryAllocator/src,
					$SRCROOT/../../dependencies/gli,
					$SRCROOT/../../dependencies/gli/external,
					$SRCROOT/../../dependencies/gli/external/glm,
					$SRCROOT/../../dependencies/flatbuffers/include,
					$SRCROOT/../../dependencies/FbxPipeline/FbxPipeline/generated,
					$SRCROOT/../../dependencies/DirectXMath,
					$SRCROOT/../../dependencies/DirectXMath/Inc,
					$SRCROOT/../../dependencies/nuklear,
					$SRCROOT/../../dependencies/draco/src,
					"$SRCROOT/../../build_darwin_x86_64_appleclang_xcode/draco-prefix/src/draco-build",
					"$SRCROOT/../../dependencies/cpp-taskflow",
				);
				VALIDATE_PRODUCT = YES;
			};
			name = Release;
		};
		CA676D2F217A2E900098A888 /* Debug */ = {
			isa = XCBuildConfiguration;
			buildSettings = {
				ASSETCATALOG_COMPILER_APPICON_NAME = AppIcon;
				CLANG_CXX_LANGUAGE_STANDARD = "c++17";
				CODE_SIGN_IDENTITY = "-";
				CODE_SIGN_STYLE = Automatic;
				COMBINE_HIDPI_IMAGES = YES;
				GCC_PREPROCESSOR_DEFINITIONS = (
					"_LIBCPP_DISABLE_AVAILABILITY=1",
					"$(inherited)",
				);
				INFOPLIST_FILE = "Viewer macOS/Info.plist";
				LD_RUNPATH_SEARCH_PATHS = (
					"$(inherited)",
					"@executable_path/../Frameworks",
				);
				MACOSX_DEPLOYMENT_TARGET = 10.13;
				PRODUCT_BUNDLE_IDENTIFIER = apemode.Viewer;
				PRODUCT_NAME = Viewer;
				SDKROOT = macosx;
				USER_HEADER_SEARCH_PATHS = (
					$SRCROOT/../../src,
					$SRCROOT/../../src/apemode/vk_ext,
					$SRCROOT/../../src/apemode/vk,
					$SRCROOT/../../dependencies/argh,
					$SRCROOT/../../dependencies/spdlog/include,
					$SRCROOT/../../dependencies/eastl/include,
					$SRCROOT/../../dependencies/eastl/test/packages/EAAssert/include,
					$SRCROOT/../../dependencies/eastl/test/packages/EABase/include,
					$SRCROOT/../../dependencies/eastl/test/packages/EABase/include/Common,
					$SRCROOT/../../dependencies/eastl/test/packages/EAMain/include,
					$SRCROOT/../../dependencies/eastl/test/packages/EAStdC/include,
					$SRCROOT/../../dependencies/TaskScheduler/Scheduler/Include,
					$SRCROOT/../../dependencies/MoltenVK/MoltenVK/include,
					$SRCROOT/../../dependencies/VulkanMemoryAllocator/src,
					$SRCROOT/../../dependencies/gli,
					$SRCROOT/../../dependencies/gli/external,
					$SRCROOT/../../dependencies/gli/external/glm,
					$SRCROOT/../../dependencies/flatbuffers/include,
					$SRCROOT/../../dependencies/FbxPipeline/FbxPipeline/generated,
					$SRCROOT/../../dependencies/DirectXMath,
					$SRCROOT/../../dependencies/DirectXMath/Inc,
					$SRCROOT/../../dependencies/nuklear,
					$SRCROOT/../../dependencies/draco/src,
					"$SRCROOT/../../build_darwin_x86_64_appleclang_xcode/draco-prefix/src/draco-build",
					"$SRCROOT/../../dependencies/cpp-taskflow",
				);
			};
			name = Debug;
		};
		CA676D30217A2E900098A888 /* Release */ = {
			isa = XCBuildConfiguration;
			buildSettings = {
				ASSETCATALOG_COMPILER_APPICON_NAME = AppIcon;
				CLANG_CXX_LANGUAGE_STANDARD = "c++17";
				CODE_SIGN_IDENTITY = "-";
				CODE_SIGN_STYLE = Automatic;
				COMBINE_HIDPI_IMAGES = YES;
				GCC_PREPROCESSOR_DEFINITIONS = (
					"_LIBCPP_DISABLE_AVAILABILITY=1",
					"$(inherited)",
				);
				INFOPLIST_FILE = "Viewer macOS/Info.plist";
				LD_RUNPATH_SEARCH_PATHS = (
					"$(inherited)",
					"@executable_path/../Frameworks",
				);
				MACOSX_DEPLOYMENT_TARGET = 10.13;
				PRODUCT_BUNDLE_IDENTIFIER = apemode.Viewer;
				PRODUCT_NAME = Viewer;
				SDKROOT = macosx;
				USER_HEADER_SEARCH_PATHS = (
					$SRCROOT/../../src,
					$SRCROOT/../../src/apemode/vk_ext,
					$SRCROOT/../../src/apemode/vk,
					$SRCROOT/../../dependencies/argh,
					$SRCROOT/../../dependencies/spdlog/include,
					$SRCROOT/../../dependencies/eastl/include,
					$SRCROOT/../../dependencies/eastl/test/packages/EAAssert/include,
					$SRCROOT/../../dependencies/eastl/test/packages/EABase/include,
					$SRCROOT/../../dependencies/eastl/test/packages/EABase/include/Common,
					$SRCROOT/../../dependencies/eastl/test/packages/EAMain/include,
					$SRCROOT/../../dependencies/eastl/test/packages/EAStdC/include,
					$SRCROOT/../../dependencies/TaskScheduler/Scheduler/Include,
					$SRCROOT/../../dependencies/MoltenVK/MoltenVK/include,
					$SRCROOT/../../dependencies/VulkanMemoryAllocator/src,
					$SRCROOT/../../dependencies/gli,
					$SRCROOT/../../dependencies/gli/external,
					$SRCROOT/../../dependencies/gli/external/glm,
					$SRCROOT/../../dependencies/flatbuffers/include,
					$SRCROOT/../../dependencies/FbxPipeline/FbxPipeline/generated,
					$SRCROOT/../../dependencies/DirectXMath,
					$SRCROOT/../../dependencies/DirectXMath/Inc,
					$SRCROOT/../../dependencies/nuklear,
					$SRCROOT/../../dependencies/draco/src,
					"$SRCROOT/../../build_darwin_x86_64_appleclang_xcode/draco-prefix/src/draco-build",
					"$SRCROOT/../../dependencies/cpp-taskflow",
				);
			};
			name = Release;
		};
/* End XCBuildConfiguration section */

/* Begin XCConfigurationList section */
		CA676CF4217A2E780098A888 /* Build configuration list for PBXProject "Viewer" */ = {
			isa = XCConfigurationList;
			buildConfigurations = (
				CA676D29217A2E900098A888 /* Debug */,
				CA676D2A217A2E900098A888 /* Release */,
			);
			defaultConfigurationIsVisible = 0;
			defaultConfigurationName = Release;
		};
		CA676D2B217A2E900098A888 /* Build configuration list for PBXNativeTarget "Viewer iOS" */ = {
			isa = XCConfigurationList;
			buildConfigurations = (
				CA676D2C217A2E900098A888 /* Debug */,
				CA676D2D217A2E900098A888 /* Release */,
			);
			defaultConfigurationIsVisible = 0;
			defaultConfigurationName = Release;
		};
		CA676D2E217A2E900098A888 /* Build configuration list for PBXNativeTarget "Viewer macOS" */ = {
			isa = XCConfigurationList;
			buildConfigurations = (
				CA676D2F217A2E900098A888 /* Debug */,
				CA676D30217A2E900098A888 /* Release */,
			);
			defaultConfigurationIsVisible = 0;
			defaultConfigurationName = Release;
		};
/* End XCConfigurationList section */
	};
	rootObject = CA676CF1217A2E780098A888 /* Project object */;
}
